// !$*UTF8*$!
{
	archiveVersion = 1;
	classes = {
	};
	objectVersion = 46;
	objects = {

/* Begin PBXBuildFile section */
		02E3E9CC05EA26ED237474A1 /* Observer.cpp in Sources */ = {isa = PBXBuildFile; fileRef = 87DCA636BDFFA23E67DBEE96 /* Observer.cpp */; };
		0FA1B110D4A2481DFA206BDF /* Constellation.cpp in Sources */ = {isa = PBXBuildFile; fileRef = A55BCC2A9476BD762BDAAF16 /* Constellation.cpp */; };
		11DF9AB1B4EAA63E3B190CA0 /* ofxSyphonServerDirectory.mm in Sources */ = {isa = PBXBuildFile; fileRef = E723BEF4C55D236E24639608 /* ofxSyphonServerDirectory.mm */; };
		1A0066308732F1DCCAD559F8 /* ofxBody.cpp in Sources */ = {isa = PBXBuildFile; fileRef = CDD2F3877CC7A8946674BE9B /* ofxBody.cpp */; };
		1E61EC85711A33166A12E23A /* Star.cpp in Sources */ = {isa = PBXBuildFile; fileRef = 46B03D127CE4C9328E2C5C46 /* Star.cpp */; };
		1F558B76FB3412843DDAA031 /* ofxSyphonClient.mm in Sources */ = {isa = PBXBuildFile; fileRef = 03EA4DA95B5E1B8409FC058E /* ofxSyphonClient.mm */; };
		24B72081CECCBCF16BCA0736 /* GeoIP.c in Sources */ = {isa = PBXBuildFile; fileRef = 5658F4B51BA763F176EB76CE /* GeoIP.c */; };
		46514B5892D491DA71A83740 /* MathOps.cpp in Sources */ = {isa = PBXBuildFile; fileRef = 2F01ED057F4D4041E186D1A5 /* MathOps.cpp */; };
		4C8A61165F62AE7019415819 /* Pluto.cpp in Sources */ = {isa = PBXBuildFile; fileRef = C2FBC330187C7C3EB838594B /* Pluto.cpp */; };
		4D508D34156E7076531D9084 /* Syphon.framework in CopyFiles */ = {isa = PBXBuildFile; fileRef = D58DCB2C0AEFDE6171E29540 /* Syphon.framework */; };
		6AB0ED712485FCCD8DF8F5CB /* pread.c in Sources */ = {isa = PBXBuildFile; fileRef = 540229E429EA8624E047772E /* pread.c */; };
		70167CCD1323F074F807179D /* EqPoint.cpp in Sources */ = {isa = PBXBuildFile; fileRef = A9D88705CA93237B89074D39 /* EqPoint.cpp */; };
		7975F374321A09F0FD879450 /* AstroOps.cpp in Sources */ = {isa = PBXBuildFile; fileRef = B4FACEA238A09DAC41AD2468 /* AstroOps.cpp */; };
		8AB6D4766678600C25FA2CE2 /* GeoIPCity.c in Sources */ = {isa = PBXBuildFile; fileRef = 97223D6394C32D02E0B04AB0 /* GeoIPCity.c */; };
		8D60C222CBD3F869382832E9 /* ofxSyphonServer.mm in Sources */ = {isa = PBXBuildFile; fileRef = 32D6F27DC6308427F9A278C1 /* ofxSyphonServer.mm */; };
		99A4B25920197326000FF98C /* ProjOps.cpp in Sources */ = {isa = PBXBuildFile; fileRef = 99A4B25720197326000FF98C /* ProjOps.cpp */; };
		9D2314DD60244D97B1310F90 /* TimeOps.cpp in Sources */ = {isa = PBXBuildFile; fileRef = 0441A2EB63FA2C80763D11F0 /* TimeOps.cpp */; };
		9D440D8ABDB0AF5F262C2607 /* GeoIP_deprecated.c in Sources */ = {isa = PBXBuildFile; fileRef = E9F004C3581FC0F5914A46B7 /* GeoIP_deprecated.c */; };
		9D89842A534BEEBAF9C55475 /* Vector.cpp in Sources */ = {isa = PBXBuildFile; fileRef = 1D7450B0C4488D0F9B604DE3 /* Vector.cpp */; };
		A5689EB6C635E55EAC98B06D /* Vsop.cpp in Sources */ = {isa = PBXBuildFile; fileRef = 015B6D8A97CB18A68C7AE44F /* Vsop.cpp */; };
		C9109422648B170B07A778CF /* SyphonNameboundClient.m in Sources */ = {isa = PBXBuildFile; fileRef = E3405C5AE387BDDC2AD19473 /* SyphonNameboundClient.m */; };
		D6436D62D6F5044D4896AE40 /* GeoLoc.cpp in Sources */ = {isa = PBXBuildFile; fileRef = F25E742ED99BC69B000A63E8 /* GeoLoc.cpp */; };
		DA7D67F890516D18EB3D2F2B /* Body.cpp in Sources */ = {isa = PBXBuildFile; fileRef = 0D56E8BC7716BDE7BA55EBD5 /* Body.cpp */; };
		DFE6F9E0B7D6E31522D22237 /* Luna.cpp in Sources */ = {isa = PBXBuildFile; fileRef = 2434F0B731D7A80AE10B274B /* Luna.cpp */; };
		E1A3FD40C8BCD507345F1126 /* Syphon.framework in Frameworks */ = {isa = PBXBuildFile; fileRef = D58DCB2C0AEFDE6171E29540 /* Syphon.framework */; };
		E4328149138ABC9F0047C5CB /* openFrameworksDebug.a in Frameworks */ = {isa = PBXBuildFile; fileRef = E4328148138ABC890047C5CB /* openFrameworksDebug.a */; };
		E4B69E200A3A1BDC003C02F2 /* main.cpp in Sources */ = {isa = PBXBuildFile; fileRef = E4B69E1D0A3A1BDC003C02F2 /* main.cpp */; };
		E4B69E210A3A1BDC003C02F2 /* ofApp.cpp in Sources */ = {isa = PBXBuildFile; fileRef = E4B69E1E0A3A1BDC003C02F2 /* ofApp.cpp */; };
/* End PBXBuildFile section */

/* Begin PBXContainerItemProxy section */
		E4328147138ABC890047C5CB /* PBXContainerItemProxy */ = {
			isa = PBXContainerItemProxy;
			containerPortal = E4328143138ABC890047C5CB /* openFrameworksLib.xcodeproj */;
			proxyType = 2;
			remoteGlobalIDString = E4B27C1510CBEB8E00536013;
			remoteInfo = openFrameworks;
		};
		E4EEB9AB138B136A00A80321 /* PBXContainerItemProxy */ = {
			isa = PBXContainerItemProxy;
			containerPortal = E4328143138ABC890047C5CB /* openFrameworksLib.xcodeproj */;
			proxyType = 1;
			remoteGlobalIDString = E4B27C1410CBEB8E00536013;
			remoteInfo = openFrameworks;
		};
/* End PBXContainerItemProxy section */

/* Begin PBXCopyFilesBuildPhase section */
		E4C2427710CC5ABF004149E2 /* CopyFiles */ = {
			isa = PBXCopyFilesBuildPhase;
			buildActionMask = 2147483647;
			dstPath = "";
			dstSubfolderSpec = 10;
			files = (
				4D508D34156E7076531D9084 /* Syphon.framework in CopyFiles */,
			);
			runOnlyForDeploymentPostprocessing = 0;
		};
/* End PBXCopyFilesBuildPhase section */

/* Begin PBXFileReference section */
		011155A9E525616B06E54538 /* GeoLoc.h */ = {isa = PBXFileReference; explicitFileType = sourcecode.c.h; fileEncoding = 30; name = GeoLoc.h; path = src/GeoLoc/src/GeoLoc.h; sourceTree = SOURCE_ROOT; };
		015B6D8A97CB18A68C7AE44F /* Vsop.cpp */ = {isa = PBXFileReference; explicitFileType = sourcecode.cpp.cpp; fileEncoding = 30; name = Vsop.cpp; path = src/Astro/src/Vsop.cpp; sourceTree = SOURCE_ROOT; };
		01FAC3552E00C3620035EA2F /* ofxSyphonClient.h */ = {isa = PBXFileReference; explicitFileType = sourcecode.c.h; fileEncoding = 30; name = ofxSyphonClient.h; path = ../../../addons/ofxSyphon/src/ofxSyphonClient.h; sourceTree = SOURCE_ROOT; };
		0262073F4527E4A9D162974B /* GeoIPCity.h */ = {isa = PBXFileReference; explicitFileType = sourcecode.c.h; fileEncoding = 30; name = GeoIPCity.h; path = src/GeoLoc/src/GeoIPCity.h; sourceTree = SOURCE_ROOT; };
		03EA4DA95B5E1B8409FC058E /* ofxSyphonClient.mm */ = {isa = PBXFileReference; explicitFileType = sourcecode.cpp.objcpp; fileEncoding = 30; name = ofxSyphonClient.mm; path = ../../../addons/ofxSyphon/src/ofxSyphonClient.mm; sourceTree = SOURCE_ROOT; };
		0441A2EB63FA2C80763D11F0 /* TimeOps.cpp */ = {isa = PBXFileReference; explicitFileType = sourcecode.cpp.cpp; fileEncoding = 30; name = TimeOps.cpp; path = src/Astro/src/TimeOps.cpp; sourceTree = SOURCE_ROOT; };
		0D56E8BC7716BDE7BA55EBD5 /* Body.cpp */ = {isa = PBXFileReference; explicitFileType = sourcecode.cpp.cpp; fileEncoding = 30; name = Body.cpp; path = src/Astro/src/Body.cpp; sourceTree = SOURCE_ROOT; };
		0FB83AC7747296DD35C1C295 /* ofxSyphon.h */ = {isa = PBXFileReference; explicitFileType = sourcecode.c.h; fileEncoding = 30; name = ofxSyphon.h; path = ../../../addons/ofxSyphon/src/ofxSyphon.h; sourceTree = SOURCE_ROOT; };
		1D7450B0C4488D0F9B604DE3 /* Vector.cpp */ = {isa = PBXFileReference; explicitFileType = sourcecode.cpp.cpp; fileEncoding = 30; name = Vector.cpp; path = src/Astro/src/Vector.cpp; sourceTree = SOURCE_ROOT; };
		2434F0B731D7A80AE10B274B /* Luna.cpp */ = {isa = PBXFileReference; explicitFileType = sourcecode.cpp.cpp; fileEncoding = 30; name = Luna.cpp; path = src/Astro/src/Luna.cpp; sourceTree = SOURCE_ROOT; };
		297994E0C4ED2DAD9230F00E /* Constellation.h */ = {isa = PBXFileReference; explicitFileType = sourcecode.c.h; fileEncoding = 30; name = Constellation.h; path = src/Astro/src/Constellation.h; sourceTree = SOURCE_ROOT; };
		2F01ED057F4D4041E186D1A5 /* MathOps.cpp */ = {isa = PBXFileReference; explicitFileType = sourcecode.cpp.cpp; fileEncoding = 30; name = MathOps.cpp; path = src/Astro/src/MathOps.cpp; sourceTree = SOURCE_ROOT; };
		2F8C0E4DF777EECD1D51330B /* TimeOps.h */ = {isa = PBXFileReference; explicitFileType = sourcecode.c.h; fileEncoding = 30; name = TimeOps.h; path = src/Astro/src/TimeOps.h; sourceTree = SOURCE_ROOT; };
		32D6F27DC6308427F9A278C1 /* ofxSyphonServer.mm */ = {isa = PBXFileReference; explicitFileType = sourcecode.cpp.objcpp; fileEncoding = 30; name = ofxSyphonServer.mm; path = ../../../addons/ofxSyphon/src/ofxSyphonServer.mm; sourceTree = SOURCE_ROOT; };
		337B812806A0E7D26A029E5A /* ofxSyphonServerDirectory.h */ = {isa = PBXFileReference; explicitFileType = sourcecode.c.h; fileEncoding = 30; name = ofxSyphonServerDirectory.h; path = ../../../addons/ofxSyphon/src/ofxSyphonServerDirectory.h; sourceTree = SOURCE_ROOT; };
		46B03D127CE4C9328E2C5C46 /* Star.cpp */ = {isa = PBXFileReference; explicitFileType = sourcecode.cpp.cpp; fileEncoding = 30; name = Star.cpp; path = src/Astro/src/Star.cpp; sourceTree = SOURCE_ROOT; };
		46BBCC26D60B589958BF0D03 /* ofxSyphonServer.h */ = {isa = PBXFileReference; explicitFileType = sourcecode.c.h; fileEncoding = 30; name = ofxSyphonServer.h; path = ../../../addons/ofxSyphon/src/ofxSyphonServer.h; sourceTree = SOURCE_ROOT; };
		4BA5745CC5E6B36CC363C574 /* Star.h */ = {isa = PBXFileReference; explicitFileType = sourcecode.c.h; fileEncoding = 30; name = Star.h; path = src/Astro/src/Star.h; sourceTree = SOURCE_ROOT; };
		540229E429EA8624E047772E /* pread.c */ = {isa = PBXFileReference; explicitFileType = sourcecode.c.c; fileEncoding = 30; name = pread.c; path = src/GeoLoc/src/pread.c; sourceTree = SOURCE_ROOT; };
		5658F4B51BA763F176EB76CE /* GeoIP.c */ = {isa = PBXFileReference; explicitFileType = sourcecode.c.c; fileEncoding = 30; name = GeoIP.c; path = src/GeoLoc/src/GeoIP.c; sourceTree = SOURCE_ROOT; };
		581F9A47CD04F77CF0B89B09 /* Body.h */ = {isa = PBXFileReference; explicitFileType = sourcecode.c.h; fileEncoding = 30; name = Body.h; path = src/Astro/src/Body.h; sourceTree = SOURCE_ROOT; };
		5B30FC2C6D87E1DC08AD5517 /* MathOps.h */ = {isa = PBXFileReference; explicitFileType = sourcecode.c.h; fileEncoding = 30; name = MathOps.h; path = src/Astro/src/MathOps.h; sourceTree = SOURCE_ROOT; };
		67B272369C046A6D50BCEC0A /* Vector.h */ = {isa = PBXFileReference; explicitFileType = sourcecode.c.h; fileEncoding = 30; name = Vector.h; path = src/Astro/src/Vector.h; sourceTree = SOURCE_ROOT; };
		71FFD50EA75BCC76F0C58D12 /* SyphonNameboundClient.h */ = {isa = PBXFileReference; explicitFileType = sourcecode.c.h; fileEncoding = 30; name = SyphonNameboundClient.h; path = ../../../addons/ofxSyphon/libs/Syphon/src/SyphonNameboundClient.h; sourceTree = SOURCE_ROOT; };
		799B1A41F878C1FA7F5CA2BC /* Observer.h */ = {isa = PBXFileReference; explicitFileType = sourcecode.c.h; fileEncoding = 30; name = Observer.h; path = src/Astro/src/Observer.h; sourceTree = SOURCE_ROOT; };
		80ED27828813057038DBA519 /* GeoIP_internal.h */ = {isa = PBXFileReference; explicitFileType = sourcecode.c.h; fileEncoding = 30; name = GeoIP_internal.h; path = src/GeoLoc/src/GeoIP_internal.h; sourceTree = SOURCE_ROOT; };
		84FBCEA286D0A50E27204265 /* GeoIP.h */ = {isa = PBXFileReference; explicitFileType = sourcecode.c.h; fileEncoding = 30; name = GeoIP.h; path = src/GeoLoc/src/GeoIP.h; sourceTree = SOURCE_ROOT; };
		855A05C19FAFD7F81E5C7FEA /* Pluto.h */ = {isa = PBXFileReference; explicitFileType = sourcecode.c.h; fileEncoding = 30; name = Pluto.h; path = src/Astro/src/Pluto.h; sourceTree = SOURCE_ROOT; };
		87DCA636BDFFA23E67DBEE96 /* Observer.cpp */ = {isa = PBXFileReference; explicitFileType = sourcecode.cpp.cpp; fileEncoding = 30; name = Observer.cpp; path = src/Astro/src/Observer.cpp; sourceTree = SOURCE_ROOT; };
		8D08F5D837471CA49AD8EC84 /* EqPoint.h */ = {isa = PBXFileReference; explicitFileType = sourcecode.c.h; fileEncoding = 30; name = EqPoint.h; path = src/Astro/src/EqPoint.h; sourceTree = SOURCE_ROOT; };
		97223D6394C32D02E0B04AB0 /* GeoIPCity.c */ = {isa = PBXFileReference; explicitFileType = sourcecode.c.c; fileEncoding = 30; name = GeoIPCity.c; path = src/GeoLoc/src/GeoIPCity.c; sourceTree = SOURCE_ROOT; };
		99A4B25720197326000FF98C /* ProjOps.cpp */ = {isa = PBXFileReference; lastKnownFileType = sourcecode.cpp.cpp; name = ProjOps.cpp; path = Astro/src/ProjOps.cpp; sourceTree = "<group>"; };
		99A4B25820197326000FF98C /* ProjOps.h */ = {isa = PBXFileReference; lastKnownFileType = sourcecode.c.h; name = ProjOps.h; path = Astro/src/ProjOps.h; sourceTree = "<group>"; };
		99B030CD2017F40E009D624D /* ofxMoon.h */ = {isa = PBXFileReference; lastKnownFileType = sourcecode.c.h; path = ofxMoon.h; sourceTree = "<group>"; };
		99B030CE2017F600009D624D /* shaders */ = {isa = PBXFileReference; lastKnownFileType = folder; name = shaders; path = bin/data/shaders; sourceTree = SOURCE_ROOT; };
		A3F6A8D257CB170EB4C9545B /* Vsop.h */ = {isa = PBXFileReference; explicitFileType = sourcecode.c.h; fileEncoding = 30; name = Vsop.h; path = src/Astro/src/Vsop.h; sourceTree = SOURCE_ROOT; };
		A55BCC2A9476BD762BDAAF16 /* Constellation.cpp */ = {isa = PBXFileReference; explicitFileType = sourcecode.cpp.cpp; fileEncoding = 30; name = Constellation.cpp; path = src/Astro/src/Constellation.cpp; sourceTree = SOURCE_ROOT; };
		A9D88705CA93237B89074D39 /* EqPoint.cpp */ = {isa = PBXFileReference; explicitFileType = sourcecode.cpp.cpp; fileEncoding = 30; name = EqPoint.cpp; path = src/Astro/src/EqPoint.cpp; sourceTree = SOURCE_ROOT; };
		AB789C7390A63D914EC27482 /* pread.h */ = {isa = PBXFileReference; explicitFileType = sourcecode.c.h; fileEncoding = 30; name = pread.h; path = src/GeoLoc/src/pread.h; sourceTree = SOURCE_ROOT; };
		AC87A044EEF7EA6077E0883A /* Luna.h */ = {isa = PBXFileReference; explicitFileType = sourcecode.c.h; fileEncoding = 30; name = Luna.h; path = src/Astro/src/Luna.h; sourceTree = SOURCE_ROOT; };
		B4FACEA238A09DAC41AD2468 /* AstroOps.cpp */ = {isa = PBXFileReference; explicitFileType = sourcecode.cpp.cpp; fileEncoding = 30; name = AstroOps.cpp; path = src/Astro/src/AstroOps.cpp; sourceTree = SOURCE_ROOT; };
		C2FBC330187C7C3EB838594B /* Pluto.cpp */ = {isa = PBXFileReference; explicitFileType = sourcecode.cpp.cpp; fileEncoding = 30; name = Pluto.cpp; path = src/Astro/src/Pluto.cpp; sourceTree = SOURCE_ROOT; };
		CDD2F3877CC7A8946674BE9B /* ofxBody.cpp */ = {isa = PBXFileReference; explicitFileType = sourcecode.cpp.cpp; fileEncoding = 30; name = ofxBody.cpp; path = src/ofxBody.cpp; sourceTree = SOURCE_ROOT; };
		D58DCB2C0AEFDE6171E29540 /* Syphon.framework */ = {isa = PBXFileReference; lastKnownFileType = wrapper.framework; name = Syphon.framework; path = ../../../addons/ofxSyphon/libs/Syphon/lib/osx/Syphon.framework; sourceTree = "<group>"; };
		DB24191460C569E2F93DC193 /* AstroOps.h */ = {isa = PBXFileReference; explicitFileType = sourcecode.c.h; fileEncoding = 30; name = AstroOps.h; path = src/Astro/src/AstroOps.h; sourceTree = SOURCE_ROOT; };
		E3405C5AE387BDDC2AD19473 /* SyphonNameboundClient.m */ = {isa = PBXFileReference; explicitFileType = sourcecode.cpp.objcpp; fileEncoding = 30; name = SyphonNameboundClient.m; path = ../../../addons/ofxSyphon/libs/Syphon/src/SyphonNameboundClient.m; sourceTree = SOURCE_ROOT; };
		E4328143138ABC890047C5CB /* openFrameworksLib.xcodeproj */ = {isa = PBXFileReference; lastKnownFileType = "wrapper.pb-project"; name = openFrameworksLib.xcodeproj; path = ../../../libs/openFrameworksCompiled/project/osx/openFrameworksLib.xcodeproj; sourceTree = SOURCE_ROOT; };
		E4B69B5B0A3A1756003C02F2 /* SolarDebug.app */ = {isa = PBXFileReference; explicitFileType = wrapper.application; includeInIndex = 0; path = SolarDebug.app; sourceTree = BUILT_PRODUCTS_DIR; };
		E4B69E1D0A3A1BDC003C02F2 /* main.cpp */ = {isa = PBXFileReference; fileEncoding = 30; lastKnownFileType = sourcecode.cpp.cpp; name = main.cpp; path = src/main.cpp; sourceTree = SOURCE_ROOT; };
		E4B69E1E0A3A1BDC003C02F2 /* ofApp.cpp */ = {isa = PBXFileReference; explicitFileType = sourcecode.cpp.cpp; fileEncoding = 30; name = ofApp.cpp; path = src/ofApp.cpp; sourceTree = SOURCE_ROOT; };
		E4B69E1F0A3A1BDC003C02F2 /* ofApp.h */ = {isa = PBXFileReference; fileEncoding = 30; lastKnownFileType = sourcecode.c.h; name = ofApp.h; path = src/ofApp.h; sourceTree = SOURCE_ROOT; };
		E4B6FCAD0C3E899E008CF71C /* openFrameworks-Info.plist */ = {isa = PBXFileReference; fileEncoding = 30; lastKnownFileType = text.plist.xml; path = "openFrameworks-Info.plist"; sourceTree = "<group>"; };
		E4EB691F138AFCF100A09F29 /* CoreOF.xcconfig */ = {isa = PBXFileReference; fileEncoding = 4; lastKnownFileType = text.xcconfig; name = CoreOF.xcconfig; path = ../../../libs/openFrameworksCompiled/project/osx/CoreOF.xcconfig; sourceTree = SOURCE_ROOT; };
		E4EB6923138AFD0F00A09F29 /* Project.xcconfig */ = {isa = PBXFileReference; fileEncoding = 4; lastKnownFileType = text.xcconfig; path = Project.xcconfig; sourceTree = "<group>"; };
		E723BEF4C55D236E24639608 /* ofxSyphonServerDirectory.mm */ = {isa = PBXFileReference; explicitFileType = sourcecode.cpp.objcpp; fileEncoding = 30; name = ofxSyphonServerDirectory.mm; path = ../../../addons/ofxSyphon/src/ofxSyphonServerDirectory.mm; sourceTree = SOURCE_ROOT; };
		E9F004C3581FC0F5914A46B7 /* GeoIP_deprecated.c */ = {isa = PBXFileReference; explicitFileType = sourcecode.c.c; fileEncoding = 30; name = GeoIP_deprecated.c; path = src/GeoLoc/src/GeoIP_deprecated.c; sourceTree = SOURCE_ROOT; };
		F25E742ED99BC69B000A63E8 /* GeoLoc.cpp */ = {isa = PBXFileReference; explicitFileType = sourcecode.cpp.cpp; fileEncoding = 30; name = GeoLoc.cpp; path = src/GeoLoc/src/GeoLoc.cpp; sourceTree = SOURCE_ROOT; };
		F9492DB957324DCFFBA90243 /* ofxBody.h */ = {isa = PBXFileReference; explicitFileType = sourcecode.c.h; fileEncoding = 30; name = ofxBody.h; path = src/ofxBody.h; sourceTree = SOURCE_ROOT; };
/* End PBXFileReference section */

/* Begin PBXFrameworksBuildPhase section */
		E4B69B590A3A1756003C02F2 /* Frameworks */ = {
			isa = PBXFrameworksBuildPhase;
			buildActionMask = 2147483647;
			files = (
				E4328149138ABC9F0047C5CB /* openFrameworksDebug.a in Frameworks */,
				E1A3FD40C8BCD507345F1126 /* Syphon.framework in Frameworks */,
			);
			runOnlyForDeploymentPostprocessing = 0;
		};
/* End PBXFrameworksBuildPhase section */

/* Begin PBXGroup section */
		2317994671CD76BBA16927B8 /* libs */ = {
			isa = PBXGroup;
			children = (
				65F3085962B3A8825746C3C2 /* Syphon */,
			);
			name = libs;
			sourceTree = "<group>";
		};
		398D2AD7D162CE13BF40CD4F /* lib */ = {
			isa = PBXGroup;
			children = (
				821159A073ABA066739FD401 /* osx */,
			);
			name = lib;
			sourceTree = "<group>";
		};
		49A9E39C52C2DF4DDA1E185F /* src */ = {
			isa = PBXGroup;
			children = (
				0FB83AC7747296DD35C1C295 /* ofxSyphon.h */,
				32D6F27DC6308427F9A278C1 /* ofxSyphonServer.mm */,
				46BBCC26D60B589958BF0D03 /* ofxSyphonServer.h */,
				03EA4DA95B5E1B8409FC058E /* ofxSyphonClient.mm */,
				E723BEF4C55D236E24639608 /* ofxSyphonServerDirectory.mm */,
				01FAC3552E00C3620035EA2F /* ofxSyphonClient.h */,
				337B812806A0E7D26A029E5A /* ofxSyphonServerDirectory.h */,
			);
			name = src;
			sourceTree = "<group>";
		};
		50EAFB5FF7C5722E7B4895C7 /* src */ = {
			isa = PBXGroup;
			children = (
				E3405C5AE387BDDC2AD19473 /* SyphonNameboundClient.m */,
				71FFD50EA75BCC76F0C58D12 /* SyphonNameboundClient.h */,
			);
			name = src;
			sourceTree = "<group>";
		};
		5692D35F95919D557ACFF62F /* Astro */ = {
			isa = PBXGroup;
			children = (
				B63D88640E78F28CE0C94603 /* src */,
			);
			name = Astro;
			sourceTree = "<group>";
		};
		65F3085962B3A8825746C3C2 /* Syphon */ = {
			isa = PBXGroup;
			children = (
				50EAFB5FF7C5722E7B4895C7 /* src */,
				398D2AD7D162CE13BF40CD4F /* lib */,
			);
			name = Syphon;
			sourceTree = "<group>";
		};
		6948EE371B920CB800B5AC1A /* local_addons */ = {
			isa = PBXGroup;
			children = (
			);
			name = local_addons;
			sourceTree = "<group>";
		};
		79FB313ED0CF83C650804D17 /* src */ = {
			isa = PBXGroup;
			children = (
				540229E429EA8624E047772E /* pread.c */,
				F25E742ED99BC69B000A63E8 /* GeoLoc.cpp */,
				E9F004C3581FC0F5914A46B7 /* GeoIP_deprecated.c */,
				84FBCEA286D0A50E27204265 /* GeoIP.h */,
				97223D6394C32D02E0B04AB0 /* GeoIPCity.c */,
				AB789C7390A63D914EC27482 /* pread.h */,
				011155A9E525616B06E54538 /* GeoLoc.h */,
				80ED27828813057038DBA519 /* GeoIP_internal.h */,
				5658F4B51BA763F176EB76CE /* GeoIP.c */,
				0262073F4527E4A9D162974B /* GeoIPCity.h */,
			);
			name = src;
			sourceTree = "<group>";
		};
		7F3C04577424427D348B1425 /* ofxSyphon */ = {
			isa = PBXGroup;
			children = (
				49A9E39C52C2DF4DDA1E185F /* src */,
				2317994671CD76BBA16927B8 /* libs */,
			);
			name = ofxSyphon;
			sourceTree = "<group>";
		};
		821159A073ABA066739FD401 /* osx */ = {
			isa = PBXGroup;
			children = (
				D58DCB2C0AEFDE6171E29540 /* Syphon.framework */,
			);
			name = osx;
			sourceTree = "<group>";
		};
		B63D88640E78F28CE0C94603 /* src */ = {
			isa = PBXGroup;
			children = (
				5B30FC2C6D87E1DC08AD5517 /* MathOps.h */,
				2F01ED057F4D4041E186D1A5 /* MathOps.cpp */,
				2F8C0E4DF777EECD1D51330B /* TimeOps.h */,
				0441A2EB63FA2C80763D11F0 /* TimeOps.cpp */,
				DB24191460C569E2F93DC193 /* AstroOps.h */,
				B4FACEA238A09DAC41AD2468 /* AstroOps.cpp */,
				99A4B25820197326000FF98C /* ProjOps.h */,
				99A4B25720197326000FF98C /* ProjOps.cpp */,
				67B272369C046A6D50BCEC0A /* Vector.h */,
				1D7450B0C4488D0F9B604DE3 /* Vector.cpp */,
				8D08F5D837471CA49AD8EC84 /* EqPoint.h */,
				A9D88705CA93237B89074D39 /* EqPoint.cpp */,
				581F9A47CD04F77CF0B89B09 /* Body.h */,
				0D56E8BC7716BDE7BA55EBD5 /* Body.cpp */,
				AC87A044EEF7EA6077E0883A /* Luna.h */,
				2434F0B731D7A80AE10B274B /* Luna.cpp */,
				799B1A41F878C1FA7F5CA2BC /* Observer.h */,
				87DCA636BDFFA23E67DBEE96 /* Observer.cpp */,
				4BA5745CC5E6B36CC363C574 /* Star.h */,
				46B03D127CE4C9328E2C5C46 /* Star.cpp */,
				297994E0C4ED2DAD9230F00E /* Constellation.h */,
				A55BCC2A9476BD762BDAAF16 /* Constellation.cpp */,
				A3F6A8D257CB170EB4C9545B /* Vsop.h */,
				015B6D8A97CB18A68C7AE44F /* Vsop.cpp */,
				855A05C19FAFD7F81E5C7FEA /* Pluto.h */,
				C2FBC330187C7C3EB838594B /* Pluto.cpp */,
			);
			name = src;
			sourceTree = "<group>";
		};
		BB4B014C10F69532006C3DED /* addons */ = {
			isa = PBXGroup;
			children = (
				7F3C04577424427D348B1425 /* ofxSyphon */,
			);
			name = addons;
			sourceTree = "<group>";
		};
		DFBD7602252E3C5475B1AC44 /* GeoLoc */ = {
			isa = PBXGroup;
			children = (
				79FB313ED0CF83C650804D17 /* src */,
			);
			name = GeoLoc;
			sourceTree = "<group>";
		};
		E4328144138ABC890047C5CB /* Products */ = {
			isa = PBXGroup;
			children = (
				E4328148138ABC890047C5CB /* openFrameworksDebug.a */,
			);
			name = Products;
			sourceTree = "<group>";
		};
		E4B69B4A0A3A1720003C02F2 = {
			isa = PBXGroup;
			children = (
				E4B6FCAD0C3E899E008CF71C /* openFrameworks-Info.plist */,
				E4EB6923138AFD0F00A09F29 /* Project.xcconfig */,
				E4B69E1C0A3A1BDC003C02F2 /* src */,
				E4EEC9E9138DF44700A80321 /* openFrameworks */,
				BB4B014C10F69532006C3DED /* addons */,
				6948EE371B920CB800B5AC1A /* local_addons */,
				E4B69B5B0A3A1756003C02F2 /* SolarDebug.app */,
			);
			sourceTree = "<group>";
		};
		E4B69E1C0A3A1BDC003C02F2 /* src */ = {
			isa = PBXGroup;
			children = (
				E4B69E1D0A3A1BDC003C02F2 /* main.cpp */,
				E4B69E1F0A3A1BDC003C02F2 /* ofApp.h */,
				E4B69E1E0A3A1BDC003C02F2 /* ofApp.cpp */,
				F9492DB957324DCFFBA90243 /* ofxBody.h */,
				CDD2F3877CC7A8946674BE9B /* ofxBody.cpp */,
				99B030CD2017F40E009D624D /* ofxMoon.h */,
				DFBD7602252E3C5475B1AC44 /* GeoLoc */,
				5692D35F95919D557ACFF62F /* Astro */,
				99B030CE2017F600009D624D /* shaders */,
			);
			path = src;
			sourceTree = SOURCE_ROOT;
		};
		E4EEC9E9138DF44700A80321 /* openFrameworks */ = {
			isa = PBXGroup;
			children = (
				E4EB691F138AFCF100A09F29 /* CoreOF.xcconfig */,
				E4328143138ABC890047C5CB /* openFrameworksLib.xcodeproj */,
			);
			name = openFrameworks;
			sourceTree = "<group>";
		};
/* End PBXGroup section */

/* Begin PBXNativeTarget section */
		E4B69B5A0A3A1756003C02F2 /* Solar */ = {
			isa = PBXNativeTarget;
			buildConfigurationList = E4B69B5F0A3A1757003C02F2 /* Build configuration list for PBXNativeTarget "Solar" */;
			buildPhases = (
				E4B69B580A3A1756003C02F2 /* Sources */,
				E4B69B590A3A1756003C02F2 /* Frameworks */,
				E4B6FFFD0C3F9AB9008CF71C /* ShellScript */,
				E4C2427710CC5ABF004149E2 /* CopyFiles */,
			);
			buildRules = (
			);
			dependencies = (
				E4EEB9AC138B136A00A80321 /* PBXTargetDependency */,
			);
			name = Solar;
			productName = myOFApp;
			productReference = E4B69B5B0A3A1756003C02F2 /* SolarDebug.app */;
			productType = "com.apple.product-type.application";
		};
/* End PBXNativeTarget section */

/* Begin PBXProject section */
		E4B69B4C0A3A1720003C02F2 /* Project object */ = {
			isa = PBXProject;
			attributes = {
				LastUpgradeCheck = 0600;
			};
			buildConfigurationList = E4B69B4D0A3A1720003C02F2 /* Build configuration list for PBXProject "Solar" */;
			compatibilityVersion = "Xcode 3.2";
			developmentRegion = English;
			hasScannedForEncodings = 0;
			knownRegions = (
				English,
				Japanese,
				French,
				German,
			);
			mainGroup = E4B69B4A0A3A1720003C02F2;
			productRefGroup = E4B69B4A0A3A1720003C02F2;
			projectDirPath = "";
			projectReferences = (
				{
					ProductGroup = E4328144138ABC890047C5CB /* Products */;
					ProjectRef = E4328143138ABC890047C5CB /* openFrameworksLib.xcodeproj */;
				},
			);
			projectRoot = "";
			targets = (
				E4B69B5A0A3A1756003C02F2 /* Solar */,
			);
		};
/* End PBXProject section */

/* Begin PBXReferenceProxy section */
		E4328148138ABC890047C5CB /* openFrameworksDebug.a */ = {
			isa = PBXReferenceProxy;
			fileType = archive.ar;
			path = openFrameworksDebug.a;
			remoteRef = E4328147138ABC890047C5CB /* PBXContainerItemProxy */;
			sourceTree = BUILT_PRODUCTS_DIR;
		};
/* End PBXReferenceProxy section */

/* Begin PBXShellScriptBuildPhase section */
		E4B6FFFD0C3F9AB9008CF71C /* ShellScript */ = {
			isa = PBXShellScriptBuildPhase;
			buildActionMask = 2147483647;
			files = (
			);
			inputPaths = (
			);
			outputPaths = (
			);
			runOnlyForDeploymentPostprocessing = 0;
			shellPath = /bin/sh;
			shellScript = "mkdir -p \"$TARGET_BUILD_DIR/$PRODUCT_NAME.app/Contents/Resources/\"\n# Copy default icon file into App/Resources\nrsync -aved \"$ICON_FILE\" \"$TARGET_BUILD_DIR/$PRODUCT_NAME.app/Contents/Resources/\"\n# Copy libfmod and change install directory for fmod to run\nrsync -aved ../../../libs/fmodex/lib/osx/libfmodex.dylib \"$TARGET_BUILD_DIR/$PRODUCT_NAME.app/Contents/Frameworks/\";\ninstall_name_tool -change @executable_path/libfmodex.dylib @executable_path/../Frameworks/libfmodex.dylib \"$TARGET_BUILD_DIR/$PRODUCT_NAME.app/Contents/MacOS/$PRODUCT_NAME\";\n# Copy GLUT framework (must remove for AppStore submissions)\nrsync -aved ../../../libs/glut/lib/osx/GLUT.framework \"$TARGET_BUILD_DIR/$PRODUCT_NAME.app/Contents/Frameworks/\"\n";
		};
/* End PBXShellScriptBuildPhase section */

/* Begin PBXSourcesBuildPhase section */
		E4B69B580A3A1756003C02F2 /* Sources */ = {
			isa = PBXSourcesBuildPhase;
			buildActionMask = 2147483647;
			files = (
				E4B69E200A3A1BDC003C02F2 /* main.cpp in Sources */,
				E4B69E210A3A1BDC003C02F2 /* ofApp.cpp in Sources */,
				1A0066308732F1DCCAD559F8 /* ofxBody.cpp in Sources */,
				6AB0ED712485FCCD8DF8F5CB /* pread.c in Sources */,
				D6436D62D6F5044D4896AE40 /* GeoLoc.cpp in Sources */,
				9D440D8ABDB0AF5F262C2607 /* GeoIP_deprecated.c in Sources */,
				8AB6D4766678600C25FA2CE2 /* GeoIPCity.c in Sources */,
				24B72081CECCBCF16BCA0736 /* GeoIP.c in Sources */,
				1E61EC85711A33166A12E23A /* Star.cpp in Sources */,
				0FA1B110D4A2481DFA206BDF /* Constellation.cpp in Sources */,
				A5689EB6C635E55EAC98B06D /* Vsop.cpp in Sources */,
				DFE6F9E0B7D6E31522D22237 /* Luna.cpp in Sources */,
				02E3E9CC05EA26ED237474A1 /* Observer.cpp in Sources */,
				4C8A61165F62AE7019415819 /* Pluto.cpp in Sources */,
				9D2314DD60244D97B1310F90 /* TimeOps.cpp in Sources */,
				99A4B25920197326000FF98C /* ProjOps.cpp in Sources */,
				9D89842A534BEEBAF9C55475 /* Vector.cpp in Sources */,
				DA7D67F890516D18EB3D2F2B /* Body.cpp in Sources */,
				70167CCD1323F074F807179D /* EqPoint.cpp in Sources */,
				7975F374321A09F0FD879450 /* AstroOps.cpp in Sources */,
				46514B5892D491DA71A83740 /* MathOps.cpp in Sources */,
				8D60C222CBD3F869382832E9 /* ofxSyphonServer.mm in Sources */,
				1F558B76FB3412843DDAA031 /* ofxSyphonClient.mm in Sources */,
				11DF9AB1B4EAA63E3B190CA0 /* ofxSyphonServerDirectory.mm in Sources */,
				C9109422648B170B07A778CF /* SyphonNameboundClient.m in Sources */,
			);
			runOnlyForDeploymentPostprocessing = 0;
		};
/* End PBXSourcesBuildPhase section */

/* Begin PBXTargetDependency section */
		E4EEB9AC138B136A00A80321 /* PBXTargetDependency */ = {
			isa = PBXTargetDependency;
			name = openFrameworks;
			targetProxy = E4EEB9AB138B136A00A80321 /* PBXContainerItemProxy */;
		};
/* End PBXTargetDependency section */

/* Begin XCBuildConfiguration section */
		E4B69B4E0A3A1720003C02F2 /* Debug */ = {
			isa = XCBuildConfiguration;
			baseConfigurationReference = E4EB6923138AFD0F00A09F29 /* Project.xcconfig */;
			buildSettings = {
				CONFIGURATION_BUILD_DIR = "$(SRCROOT)/bin/";
				COPY_PHASE_STRIP = NO;
				DEAD_CODE_STRIPPING = YES;
				GCC_AUTO_VECTORIZATION = YES;
				GCC_ENABLE_SSE3_EXTENSIONS = YES;
				GCC_ENABLE_SUPPLEMENTAL_SSE3_INSTRUCTIONS = YES;
				GCC_INLINES_ARE_PRIVATE_EXTERN = NO;
				GCC_OPTIMIZATION_LEVEL = 0;
				GCC_SYMBOLS_PRIVATE_EXTERN = NO;
				GCC_WARN_ABOUT_DEPRECATED_FUNCTIONS = YES;
				GCC_WARN_ABOUT_INVALID_OFFSETOF_MACRO = NO;
				GCC_WARN_ALLOW_INCOMPLETE_PROTOCOL = NO;
				GCC_WARN_UNINITIALIZED_AUTOS = NO;
				GCC_WARN_UNUSED_VALUE = NO;
				GCC_WARN_UNUSED_VARIABLE = NO;
				HEADER_SEARCH_PATHS = (
					"$(OF_CORE_HEADERS)",
					src,
					src/Astro,
					src/Astro/src,
					src/GeoLoc,
					src/GeoLoc/src,
					../../../addons/ofxSyphon/libs,
					../../../addons/ofxSyphon/libs/Syphon,
					../../../addons/ofxSyphon/libs/Syphon/lib,
					../../../addons/ofxSyphon/libs/Syphon/lib/osx,
					../../../addons/ofxSyphon/libs/Syphon/src,
					../../../addons/ofxSyphon/src,
				);
				MACOSX_DEPLOYMENT_TARGET = 10.8;
				ONLY_ACTIVE_ARCH = YES;
				OTHER_CPLUSPLUSFLAGS = (
					"-D__MACOSX_CORE__",
					"-mtune=native",
				);
				SDKROOT = macosx;
			};
			name = Debug;
		};
		E4B69B4F0A3A1720003C02F2 /* Release */ = {
			isa = XCBuildConfiguration;
			baseConfigurationReference = E4EB6923138AFD0F00A09F29 /* Project.xcconfig */;
			buildSettings = {
				CONFIGURATION_BUILD_DIR = "$(SRCROOT)/bin/";
				COPY_PHASE_STRIP = YES;
				DEAD_CODE_STRIPPING = YES;
				GCC_AUTO_VECTORIZATION = YES;
				GCC_ENABLE_SSE3_EXTENSIONS = YES;
				GCC_ENABLE_SUPPLEMENTAL_SSE3_INSTRUCTIONS = YES;
				GCC_INLINES_ARE_PRIVATE_EXTERN = NO;
				GCC_OPTIMIZATION_LEVEL = 3;
				GCC_SYMBOLS_PRIVATE_EXTERN = NO;
				GCC_UNROLL_LOOPS = YES;
				GCC_WARN_ABOUT_DEPRECATED_FUNCTIONS = YES;
				GCC_WARN_ABOUT_INVALID_OFFSETOF_MACRO = NO;
				GCC_WARN_ALLOW_INCOMPLETE_PROTOCOL = NO;
				GCC_WARN_UNINITIALIZED_AUTOS = NO;
				GCC_WARN_UNUSED_VALUE = NO;
				GCC_WARN_UNUSED_VARIABLE = NO;
				HEADER_SEARCH_PATHS = (
					"$(OF_CORE_HEADERS)",
					src,
					src/Astro,
					src/Astro/src,
					src/GeoLoc,
					src/GeoLoc/src,
					../../../addons/ofxSyphon/libs,
					../../../addons/ofxSyphon/libs/Syphon,
					../../../addons/ofxSyphon/libs/Syphon/lib,
					../../../addons/ofxSyphon/libs/Syphon/lib/osx,
					../../../addons/ofxSyphon/libs/Syphon/src,
					../../../addons/ofxSyphon/src,
				);
				MACOSX_DEPLOYMENT_TARGET = 10.8;
				OTHER_CPLUSPLUSFLAGS = (
					"-D__MACOSX_CORE__",
					"-mtune=native",
				);
				SDKROOT = macosx;
			};
			name = Release;
		};
		E4B69B600A3A1757003C02F2 /* Debug */ = {
			isa = XCBuildConfiguration;
			baseConfigurationReference = E4EB6923138AFD0F00A09F29 /* Project.xcconfig */;
			buildSettings = {
				COMBINE_HIDPI_IMAGES = YES;
				COPY_PHASE_STRIP = NO;
				FRAMEWORK_SEARCH_PATHS = (
					"$(inherited)",
					"$(FRAMEWORK_SEARCH_PATHS_QUOTED_FOR_TARGET_1)",
					../../../addons/ofxSyphon/libs/Syphon/lib/osx,
				);
				FRAMEWORK_SEARCH_PATHS_QUOTED_FOR_TARGET_1 = "\"$(SRCROOT)/../../../libs/glut/lib/osx\"";
				GCC_DYNAMIC_NO_PIC = NO;
				GCC_GENERATE_DEBUGGING_SYMBOLS = YES;
				GCC_MODEL_TUNING = NONE;
				HEADER_SEARCH_PATHS = (
					"$(OF_CORE_HEADERS)",
					src,
					src/Astro,
					src/Astro/src,
					src/GeoLoc,
					src/GeoLoc/src,
					../../../addons/ofxSyphon/libs,
					../../../addons/ofxSyphon/libs/Syphon,
					../../../addons/ofxSyphon/libs/Syphon/lib,
					../../../addons/ofxSyphon/libs/Syphon/lib/osx,
					../../../addons/ofxSyphon/libs/Syphon/src,
					../../../addons/ofxSyphon/src,
				);
				ICON = "$(ICON_NAME_DEBUG)";
				ICON_FILE = "$(ICON_FILE_PATH)$(ICON)";
				INFOPLIST_FILE = "openFrameworks-Info.plist";
				INSTALL_PATH = /Applications;
				LIBRARY_SEARCH_PATHS = "$(inherited)";
				OTHER_LDFLAGS = (
					"$(OF_CORE_LIBS)",
					"$(OF_CORE_FRAMEWORKS)",
					"-lcurl",
				);
				PRODUCT_NAME = "$(TARGET_NAME)Debug";
				WRAPPER_EXTENSION = app;
			};
			name = Debug;
		};
		E4B69B610A3A1757003C02F2 /* Release */ = {
			isa = XCBuildConfiguration;
			baseConfigurationReference = E4EB6923138AFD0F00A09F29 /* Project.xcconfig */;
			buildSettings = {
				COMBINE_HIDPI_IMAGES = YES;
				COPY_PHASE_STRIP = YES;
				FRAMEWORK_SEARCH_PATHS = (
					"$(inherited)",
					"$(FRAMEWORK_SEARCH_PATHS_QUOTED_FOR_TARGET_1)",
					../../../addons/ofxSyphon/libs/Syphon/lib/osx,
				);
				FRAMEWORK_SEARCH_PATHS_QUOTED_FOR_TARGET_1 = "\"$(SRCROOT)/../../../libs/glut/lib/osx\"";
				GCC_GENERATE_DEBUGGING_SYMBOLS = YES;
				GCC_MODEL_TUNING = NONE;
				HEADER_SEARCH_PATHS = (
					"$(OF_CORE_HEADERS)",
					src,
					src/Astro,
					src/Astro/src,
					src/GeoLoc,
					src/GeoLoc/src,
					../../../addons/ofxSyphon/libs,
					../../../addons/ofxSyphon/libs/Syphon,
					../../../addons/ofxSyphon/libs/Syphon/lib,
					../../../addons/ofxSyphon/libs/Syphon/lib/osx,
					../../../addons/ofxSyphon/libs/Syphon/src,
					../../../addons/ofxSyphon/src,
				);
				ICON = "$(ICON_NAME_RELEASE)";
				ICON_FILE = "$(ICON_FILE_PATH)$(ICON)";
				INFOPLIST_FILE = "openFrameworks-Info.plist";
				INSTALL_PATH = /Applications;
				LIBRARY_SEARCH_PATHS = "$(inherited)";
				OTHER_LDFLAGS = (
					"$(OF_CORE_LIBS)",
					"$(OF_CORE_FRAMEWORKS)",
					"-lcurl",
				);
				PRODUCT_NAME = "$(TARGET_NAME)";
				WRAPPER_EXTENSION = app;
				baseConfigurationReference = E4EB6923138AFD0F00A09F29;
			};
			name = Release;
		};
/* End XCBuildConfiguration section */

/* Begin XCConfigurationList section */
		E4B69B4D0A3A1720003C02F2 /* Build configuration list for PBXProject "Solar" */ = {
			isa = XCConfigurationList;
			buildConfigurations = (
				E4B69B4E0A3A1720003C02F2 /* Debug */,
				E4B69B4F0A3A1720003C02F2 /* Release */,
			);
			defaultConfigurationIsVisible = 0;
			defaultConfigurationName = Release;
		};
		E4B69B5F0A3A1757003C02F2 /* Build configuration list for PBXNativeTarget "Solar" */ = {
			isa = XCConfigurationList;
			buildConfigurations = (
				E4B69B600A3A1757003C02F2 /* Debug */,
				E4B69B610A3A1757003C02F2 /* Release */,
			);
			defaultConfigurationIsVisible = 0;
			defaultConfigurationName = Release;
		};
/* End XCConfigurationList section */
	};
	rootObject = E4B69B4C0A3A1720003C02F2 /* Project object */;
}
