// !$*UTF8*$!
{
	archiveVersion = 1;
	classes = {
	};
	objectVersion = 46;
	objects = {

/* Begin PBXBuildFile section */
		02E3E9CC05EA26ED237474A1 /* Observer.cpp in Sources */ = {isa = PBXBuildFile; fileRef = 87DCA636BDFFA23E67DBEE96 /* Observer.cpp */; };
		0FA1B110D4A2481DFA206BDF /* Constellation.cpp in Sources */ = {isa = PBXBuildFile; fileRef = A55BCC2A9476BD762BDAAF16 /* Constellation.cpp */; };
		1946140B84A179C604B4B4B8 /* CoordOps.cpp in Sources */ = {isa = PBXBuildFile; fileRef = ECD099210215539D09DBE67E /* CoordOps.cpp */; };
		1D26638B9FB50F2EC2B25CA8 /* setup.py in Sources */ = {isa = PBXBuildFile; fileRef = BD8C9B9DB8B1F685B36FD27B /* setup.py */; };
		1E61EC85711A33166A12E23A /* Star.cpp in Sources */ = {isa = PBXBuildFile; fileRef = 46B03D127CE4C9328E2C5C46 /* Star.cpp */; };
		298A572C46393D6B2EB2882F /* ECI.cpp in Sources */ = {isa = PBXBuildFile; fileRef = D0671DE07BEDE26CED91FC03 /* ECI.cpp */; };
		2EED06D3928D8B27A513EF81 /* Ecliptic.cpp in Sources */ = {isa = PBXBuildFile; fileRef = 8A3F61280C103CF3D3BABE38 /* Ecliptic.cpp */; };
		30C06BF1BF0A05F59703E260 /* README.md in Sources */ = {isa = PBXBuildFile; fileRef = 16E35CA38BEDAFD3364A63E1 /* README.md */; };
		3B4D34D99EEF58B983F85CC7 /* AUTHORS in Sources */ = {isa = PBXBuildFile; fileRef = 8F9F110B4E975F66173B7DC5 /* AUTHORS */; };
		45406F7BA9CA4539B1572C58 /* Polar.cpp in Sources */ = {isa = PBXBuildFile; fileRef = 15C9411C5711D08E66AAC0E0 /* Polar.cpp */; };
		46514B5892D491DA71A83740 /* MathOps.cpp in Sources */ = {isa = PBXBuildFile; fileRef = 2F01ED057F4D4041E186D1A5 /* MathOps.cpp */; };
		4EF7017E6534A2A758F34F5A /* COPYING in Sources */ = {isa = PBXBuildFile; fileRef = A4D0B16BB25E642EDEA31228 /* COPYING */; };
		61B589D2A74D47BFAEBBB617 /* geoloc.py in Sources */ = {isa = PBXBuildFile; fileRef = 216232E4EDA82FE4FA7509EC /* geoloc.py */; };
		62A639BEABAD3E2D2F6C3357 /* TimeOps.py in Sources */ = {isa = PBXBuildFile; fileRef = 12DE234108FD309E4BCF1BBD /* TimeOps.py */; };
		652907AEE0AC9CC3DA01E058 /* Makefile in Sources */ = {isa = PBXBuildFile; fileRef = 7EE0699111C8C431F50C14A9 /* Makefile */; };
		6AA509FE973E33EA8D64D518 /* Equatorial.cpp in Sources */ = {isa = PBXBuildFile; fileRef = A9A90369FC65169FA2718AB7 /* Equatorial.cpp */; };
		6DA5BA3D11F3E79D355D26CB /* AstroOps.py in Sources */ = {isa = PBXBuildFile; fileRef = C3AAA7D89CD77A73D41EF224 /* AstroOps.py */; };
		8026FC0A18596D4D81A7E3F7 /* ProjOps.cpp in Sources */ = {isa = PBXBuildFile; fileRef = 6DF0031B4508C2A79777301F /* ProjOps.cpp */; };
		851DDDA6C8AD222AD0B3EBA4 /* ofxShader.cpp in Sources */ = {isa = PBXBuildFile; fileRef = CE695AF66B49048A2E3C2B6E /* ofxShader.cpp */; };
		88F354A2336A9E290076DBDD /* README.md in Sources */ = {isa = PBXBuildFile; fileRef = 4880684AFFB55B5C703F0914 /* README.md */; };
		8B8B76087F8520BBFBEAAEED /* setup.py in Sources */ = {isa = PBXBuildFile; fileRef = 40C37C65290B8AF84D6EB45E /* setup.py */; };
		938D6F204E7409789F04F32F /* SGP4.cpp in Sources */ = {isa = PBXBuildFile; fileRef = 57821FD947EF923145BC8959 /* SGP4.cpp */; };
		9A9E0FAA7422875C98909FFC /* Horizontal.cpp in Sources */ = {isa = PBXBuildFile; fileRef = 4608116F99525962869F8CF9 /* Horizontal.cpp */; };
		9D2314DD60244D97B1310F90 /* TimeOps.cpp in Sources */ = {isa = PBXBuildFile; fileRef = 0441A2EB63FA2C80763D11F0 /* TimeOps.cpp */; };
		A1480CCFEE939D58E9D39241 /* astro.i in Sources */ = {isa = PBXBuildFile; fileRef = 026A15A3C9A0A51C96CB2418 /* astro.i */; };
		A85E2DBDC6B0A0642004F46A /* Body.py in Sources */ = {isa = PBXBuildFile; fileRef = E58ACD73B32E4B266A4FC6F9 /* Body.py */; };
		BA51F7AF842E4F4622F2F626 /* Vector.cpp in Sources */ = {isa = PBXBuildFile; fileRef = 9E2C21C2C8FFBCA33B391709 /* Vector.cpp */; };
		C1FEB22FEF1BF4467344ED43 /* Geodetic.cpp in Sources */ = {isa = PBXBuildFile; fileRef = 725C8AA493ADEB45AE4338B7 /* Geodetic.cpp */; };
		C84B87A3C5D57655FA625269 /* VSOP87.cpp in Sources */ = {isa = PBXBuildFile; fileRef = 59BEA43084926685F1663A87 /* VSOP87.cpp */; };
		CEAA76D2FC719F2B386F3005 /* LICENSE in Sources */ = {isa = PBXBuildFile; fileRef = D3D6DF9447FFE1A88F33D20F /* LICENSE */; };
		D6436D62D6F5044D4896AE40 /* GeoLoc.cpp in Sources */ = {isa = PBXBuildFile; fileRef = F25E742ED99BC69B000A63E8 /* GeoLoc.cpp */; };
		D796B1B3375261C6D42EF6E2 /* TimeSpan.cpp in Sources */ = {isa = PBXBuildFile; fileRef = 686FC6BEAB152491123F7820 /* TimeSpan.cpp */; };
		D93F84492B75AE2A84EF2B3D /* DateTime.cpp in Sources */ = {isa = PBXBuildFile; fileRef = E2C1221088646BE2BB2DE5BF /* DateTime.cpp */; };
		DA7D67F890516D18EB3D2F2B /* Body.cpp in Sources */ = {isa = PBXBuildFile; fileRef = 0D56E8BC7716BDE7BA55EBD5 /* Body.cpp */; };
		DD57CF44E87D22F86C477640 /* TLE.cpp in Sources */ = {isa = PBXBuildFile; fileRef = 3AE86B5E51D0BC845EF1456F /* TLE.cpp */; };
		DFE6F9E0B7D6E31522D22237 /* Luna.cpp in Sources */ = {isa = PBXBuildFile; fileRef = 2434F0B731D7A80AE10B274B /* Luna.cpp */; };
		E4328149138ABC9F0047C5CB /* openFrameworksDebug.a in Frameworks */ = {isa = PBXBuildFile; fileRef = E4328148138ABC890047C5CB /* openFrameworksDebug.a */; };
		E4B69E200A3A1BDC003C02F2 /* main.cpp in Sources */ = {isa = PBXBuildFile; fileRef = E4B69E1D0A3A1BDC003C02F2 /* main.cpp */; };
		E4B69E210A3A1BDC003C02F2 /* ofApp.cpp in Sources */ = {isa = PBXBuildFile; fileRef = E4B69E1E0A3A1BDC003C02F2 /* ofApp.cpp */; };
		E642DBDE3A34CACAF6C785E5 /* Orbit.cpp in Sources */ = {isa = PBXBuildFile; fileRef = 146D2BA302483827FD8A6E3D /* Orbit.cpp */; };
		F47AC4BFC03AF148D2521C5F /* Satellite.cpp in Sources */ = {isa = PBXBuildFile; fileRef = FFB8A4CE135DB0C5B86BAFA8 /* Satellite.cpp */; };
		F680B2D175522C37EA0019FA /* MathOps.py in Sources */ = {isa = PBXBuildFile; fileRef = B642A25C96A27FF3F15B8043 /* MathOps.py */; };
		FF19AFF1069F726736CBB934 /* Pluto.cpp in Sources */ = {isa = PBXBuildFile; fileRef = 72C8FFA403C8E3F0D4DB09F1 /* Pluto.cpp */; };
/* End PBXBuildFile section */

/* Begin PBXContainerItemProxy section */
		E4328147138ABC890047C5CB /* PBXContainerItemProxy */ = {
			isa = PBXContainerItemProxy;
			containerPortal = E4328143138ABC890047C5CB /* openFrameworksLib.xcodeproj */;
			proxyType = 2;
			remoteGlobalIDString = E4B27C1510CBEB8E00536013;
			remoteInfo = openFrameworks;
		};
		E4EEB9AB138B136A00A80321 /* PBXContainerItemProxy */ = {
			isa = PBXContainerItemProxy;
			containerPortal = E4328143138ABC890047C5CB /* openFrameworksLib.xcodeproj */;
			proxyType = 1;
			remoteGlobalIDString = E4B27C1410CBEB8E00536013;
			remoteInfo = openFrameworks;
		};
/* End PBXContainerItemProxy section */

/* Begin PBXCopyFilesBuildPhase section */
		E4C2427710CC5ABF004149E2 /* CopyFiles */ = {
			isa = PBXCopyFilesBuildPhase;
			buildActionMask = 2147483647;
			dstPath = "";
			dstSubfolderSpec = 10;
			files = (
			);
			runOnlyForDeploymentPostprocessing = 0;
		};
/* End PBXCopyFilesBuildPhase section */

/* Begin PBXFileReference section */
		011155A9E525616B06E54538 /* GeoLoc.h */ = {isa = PBXFileReference; explicitFileType = sourcecode.c.h; fileEncoding = 4; name = GeoLoc.h; path = src/GeoLoc/src/GeoLoc.h; sourceTree = SOURCE_ROOT; };
		026A15A3C9A0A51C96CB2418 /* astro.i */ = {isa = PBXFileReference; explicitFileType = file; fileEncoding = 4; name = astro.i; path = src/Astro/astro.i; sourceTree = SOURCE_ROOT; };
		0441A2EB63FA2C80763D11F0 /* TimeOps.cpp */ = {isa = PBXFileReference; explicitFileType = sourcecode.cpp.cpp; fileEncoding = 4; name = TimeOps.cpp; path = src/Astro/src/TimeOps.cpp; sourceTree = SOURCE_ROOT; };
		0CF7D7B1278155455F27789F /* Orbit.h */ = {isa = PBXFileReference; explicitFileType = sourcecode.c.h; fileEncoding = 4; name = Orbit.h; path = src/Astro/src/models/Orbit.h; sourceTree = SOURCE_ROOT; };
		0D56E8BC7716BDE7BA55EBD5 /* Body.cpp */ = {isa = PBXFileReference; explicitFileType = sourcecode.cpp.cpp; fileEncoding = 4; name = Body.cpp; path = src/Astro/src/Body.cpp; sourceTree = SOURCE_ROOT; };
		12DE234108FD309E4BCF1BBD /* TimeOps.py */ = {isa = PBXFileReference; explicitFileType = file; fileEncoding = 4; name = TimeOps.py; path = src/Astro/test/TimeOps.py; sourceTree = SOURCE_ROOT; };
		146D2BA302483827FD8A6E3D /* Orbit.cpp */ = {isa = PBXFileReference; explicitFileType = sourcecode.cpp.cpp; fileEncoding = 4; name = Orbit.cpp; path = src/Astro/src/models/Orbit.cpp; sourceTree = SOURCE_ROOT; };
		15C9411C5711D08E66AAC0E0 /* Polar.cpp */ = {isa = PBXFileReference; explicitFileType = sourcecode.cpp.cpp; fileEncoding = 4; name = Polar.cpp; path = src/Astro/src/primitives/Polar.cpp; sourceTree = SOURCE_ROOT; };
		16E35CA38BEDAFD3364A63E1 /* README.md */ = {isa = PBXFileReference; explicitFileType = file; fileEncoding = 4; name = README.md; path = src/GeoLoc/README.md; sourceTree = SOURCE_ROOT; };
		216232E4EDA82FE4FA7509EC /* geoloc.py */ = {isa = PBXFileReference; explicitFileType = file; fileEncoding = 4; name = geoloc.py; path = src/GeoLoc/geoloc.py; sourceTree = SOURCE_ROOT; };
		2434F0B731D7A80AE10B274B /* Luna.cpp */ = {isa = PBXFileReference; explicitFileType = sourcecode.cpp.cpp; fileEncoding = 4; name = Luna.cpp; path = src/Astro/src/Luna.cpp; sourceTree = SOURCE_ROOT; };
		297994E0C4ED2DAD9230F00E /* Constellation.h */ = {isa = PBXFileReference; explicitFileType = sourcecode.c.h; fileEncoding = 4; name = Constellation.h; path = src/Astro/src/Constellation.h; sourceTree = SOURCE_ROOT; };
		2E5D90FEFE0D050BD71281D2 /* SGP4.h */ = {isa = PBXFileReference; explicitFileType = sourcecode.c.h; fileEncoding = 4; name = SGP4.h; path = src/Astro/src/models/SGP4.h; sourceTree = SOURCE_ROOT; };
		2F01ED057F4D4041E186D1A5 /* MathOps.cpp */ = {isa = PBXFileReference; explicitFileType = sourcecode.cpp.cpp; fileEncoding = 4; name = MathOps.cpp; path = src/Astro/src/MathOps.cpp; sourceTree = SOURCE_ROOT; };
		2F8C0E4DF777EECD1D51330B /* TimeOps.h */ = {isa = PBXFileReference; explicitFileType = sourcecode.c.h; fileEncoding = 4; name = TimeOps.h; path = src/Astro/src/TimeOps.h; sourceTree = SOURCE_ROOT; };
		3AE86B5E51D0BC845EF1456F /* TLE.cpp */ = {isa = PBXFileReference; explicitFileType = sourcecode.cpp.cpp; fileEncoding = 4; name = TLE.cpp; path = src/Astro/src/models/TLE.cpp; sourceTree = SOURCE_ROOT; };
		3F339F8B1C83AA4A3AC2449C /* Polar.h */ = {isa = PBXFileReference; explicitFileType = sourcecode.c.h; fileEncoding = 4; name = Polar.h; path = src/Astro/src/primitives/Polar.h; sourceTree = SOURCE_ROOT; };
		3F3F590B1880992F667AA2FC /* Ecliptic.h */ = {isa = PBXFileReference; explicitFileType = sourcecode.c.h; fileEncoding = 4; name = Ecliptic.h; path = src/Astro/src/coordinates/Ecliptic.h; sourceTree = SOURCE_ROOT; };
		403F57E6EB7CF052038E3DB4 /* Geodetic.h */ = {isa = PBXFileReference; explicitFileType = sourcecode.c.h; fileEncoding = 4; name = Geodetic.h; path = src/Astro/src/coordinates/Geodetic.h; sourceTree = SOURCE_ROOT; };
		40C37C65290B8AF84D6EB45E /* setup.py */ = {isa = PBXFileReference; explicitFileType = file; fileEncoding = 4; name = setup.py; path = src/Astro/setup.py; sourceTree = SOURCE_ROOT; };
		4608116F99525962869F8CF9 /* Horizontal.cpp */ = {isa = PBXFileReference; explicitFileType = sourcecode.cpp.cpp; fileEncoding = 4; name = Horizontal.cpp; path = src/Astro/src/coordinates/Horizontal.cpp; sourceTree = SOURCE_ROOT; };
		46B03D127CE4C9328E2C5C46 /* Star.cpp */ = {isa = PBXFileReference; explicitFileType = sourcecode.cpp.cpp; fileEncoding = 4; name = Star.cpp; path = src/Astro/src/Star.cpp; sourceTree = SOURCE_ROOT; };
		4880684AFFB55B5C703F0914 /* README.md */ = {isa = PBXFileReference; explicitFileType = file; fileEncoding = 4; name = README.md; path = src/Astro/README.md; sourceTree = SOURCE_ROOT; };
		4BA5745CC5E6B36CC363C574 /* Star.h */ = {isa = PBXFileReference; explicitFileType = sourcecode.c.h; fileEncoding = 4; name = Star.h; path = src/Astro/src/Star.h; sourceTree = SOURCE_ROOT; };
		515500B6018524F1853CA176 /* Vector.h */ = {isa = PBXFileReference; explicitFileType = sourcecode.c.h; fileEncoding = 4; name = Vector.h; path = src/Astro/src/primitives/Vector.h; sourceTree = SOURCE_ROOT; };
		57821FD947EF923145BC8959 /* SGP4.cpp */ = {isa = PBXFileReference; explicitFileType = sourcecode.cpp.cpp; fileEncoding = 4; name = SGP4.cpp; path = src/Astro/src/models/SGP4.cpp; sourceTree = SOURCE_ROOT; };
		581F9A47CD04F77CF0B89B09 /* Body.h */ = {isa = PBXFileReference; explicitFileType = sourcecode.c.h; fileEncoding = 4; name = Body.h; path = src/Astro/src/Body.h; sourceTree = SOURCE_ROOT; };
		59BEA43084926685F1663A87 /* VSOP87.cpp */ = {isa = PBXFileReference; explicitFileType = sourcecode.cpp.cpp; fileEncoding = 4; name = VSOP87.cpp; path = src/Astro/src/models/VSOP87.cpp; sourceTree = SOURCE_ROOT; };
		5B30FC2C6D87E1DC08AD5517 /* MathOps.h */ = {isa = PBXFileReference; explicitFileType = sourcecode.c.h; fileEncoding = 4; name = MathOps.h; path = src/Astro/src/MathOps.h; sourceTree = SOURCE_ROOT; };
		686FC6BEAB152491123F7820 /* TimeSpan.cpp */ = {isa = PBXFileReference; explicitFileType = sourcecode.cpp.cpp; fileEncoding = 4; name = TimeSpan.cpp; path = src/Astro/src/primitives/TimeSpan.cpp; sourceTree = SOURCE_ROOT; };
		68D76DB011B7683FE693EEE9 /* Equatorial.h */ = {isa = PBXFileReference; explicitFileType = sourcecode.c.h; fileEncoding = 4; name = Equatorial.h; path = src/Astro/src/coordinates/Equatorial.h; sourceTree = SOURCE_ROOT; };
		6DF0031B4508C2A79777301F /* ProjOps.cpp */ = {isa = PBXFileReference; explicitFileType = sourcecode.cpp.cpp; fileEncoding = 4; name = ProjOps.cpp; path = src/Astro/src/ProjOps.cpp; sourceTree = SOURCE_ROOT; };
		6E99B2A189EB3A4B99F0621B /* Exception.h */ = {isa = PBXFileReference; explicitFileType = sourcecode.c.h; fileEncoding = 4; name = Exception.h; path = src/Astro/src/models/Exception.h; sourceTree = SOURCE_ROOT; };
		725C8AA493ADEB45AE4338B7 /* Geodetic.cpp */ = {isa = PBXFileReference; explicitFileType = sourcecode.cpp.cpp; fileEncoding = 4; name = Geodetic.cpp; path = src/Astro/src/coordinates/Geodetic.cpp; sourceTree = SOURCE_ROOT; };
		72C8FFA403C8E3F0D4DB09F1 /* Pluto.cpp */ = {isa = PBXFileReference; explicitFileType = sourcecode.cpp.cpp; fileEncoding = 4; name = Pluto.cpp; path = src/Astro/src/models/Pluto.cpp; sourceTree = SOURCE_ROOT; };
		7921B4827085DDCAD08F768F /* ECI.h */ = {isa = PBXFileReference; explicitFileType = sourcecode.c.h; fileEncoding = 4; name = ECI.h; path = src/Astro/src/coordinates/ECI.h; sourceTree = SOURCE_ROOT; };
		799B1A41F878C1FA7F5CA2BC /* Observer.h */ = {isa = PBXFileReference; explicitFileType = sourcecode.c.h; fileEncoding = 4; name = Observer.h; path = src/Astro/src/Observer.h; sourceTree = SOURCE_ROOT; };
		7EE0699111C8C431F50C14A9 /* Makefile */ = {isa = PBXFileReference; explicitFileType = file; fileEncoding = 4; name = Makefile; path = src/Astro/Makefile; sourceTree = SOURCE_ROOT; };
		87DCA636BDFFA23E67DBEE96 /* Observer.cpp */ = {isa = PBXFileReference; explicitFileType = sourcecode.cpp.cpp; fileEncoding = 4; name = Observer.cpp; path = src/Astro/src/Observer.cpp; sourceTree = SOURCE_ROOT; };
		8A3F61280C103CF3D3BABE38 /* Ecliptic.cpp */ = {isa = PBXFileReference; explicitFileType = sourcecode.cpp.cpp; fileEncoding = 4; name = Ecliptic.cpp; path = src/Astro/src/coordinates/Ecliptic.cpp; sourceTree = SOURCE_ROOT; };
		8F9F110B4E975F66173B7DC5 /* AUTHORS */ = {isa = PBXFileReference; explicitFileType = file; fileEncoding = 4; name = AUTHORS; path = src/GeoLoc/AUTHORS; sourceTree = SOURCE_ROOT; };
		950996D953099970E69DEB87 /* ofxShader.h */ = {isa = PBXFileReference; explicitFileType = sourcecode.c.h; fileEncoding = 4; name = ofxShader.h; path = ../../../addons/ofxShader/src/ofxShader.h; sourceTree = SOURCE_ROOT; };
		9E2A3F7431EC6928A9B7C0B3 /* VSOP87.h */ = {isa = PBXFileReference; explicitFileType = sourcecode.c.h; fileEncoding = 4; name = VSOP87.h; path = src/Astro/src/models/VSOP87.h; sourceTree = SOURCE_ROOT; };
		9E2C21C2C8FFBCA33B391709 /* Vector.cpp */ = {isa = PBXFileReference; explicitFileType = sourcecode.cpp.cpp; fileEncoding = 4; name = Vector.cpp; path = src/Astro/src/primitives/Vector.cpp; sourceTree = SOURCE_ROOT; };
		A4D0B16BB25E642EDEA31228 /* COPYING */ = {isa = PBXFileReference; explicitFileType = file; fileEncoding = 4; name = COPYING; path = src/GeoLoc/COPYING; sourceTree = SOURCE_ROOT; };
		A55BCC2A9476BD762BDAAF16 /* Constellation.cpp */ = {isa = PBXFileReference; explicitFileType = sourcecode.cpp.cpp; fileEncoding = 4; name = Constellation.cpp; path = src/Astro/src/Constellation.cpp; sourceTree = SOURCE_ROOT; };
		A9A90369FC65169FA2718AB7 /* Equatorial.cpp */ = {isa = PBXFileReference; explicitFileType = sourcecode.cpp.cpp; fileEncoding = 4; name = Equatorial.cpp; path = src/Astro/src/coordinates/Equatorial.cpp; sourceTree = SOURCE_ROOT; };
		AC87A044EEF7EA6077E0883A /* Luna.h */ = {isa = PBXFileReference; explicitFileType = sourcecode.c.h; fileEncoding = 4; name = Luna.h; path = src/Astro/src/Luna.h; sourceTree = SOURCE_ROOT; };
		AFE1004EC5CA3419F30D020A /* ProjOps.h */ = {isa = PBXFileReference; explicitFileType = sourcecode.c.h; fileEncoding = 4; name = ProjOps.h; path = src/Astro/src/ProjOps.h; sourceTree = SOURCE_ROOT; };
		B642A25C96A27FF3F15B8043 /* MathOps.py */ = {isa = PBXFileReference; explicitFileType = file; fileEncoding = 4; name = MathOps.py; path = src/Astro/test/MathOps.py; sourceTree = SOURCE_ROOT; };
		BD8C9B9DB8B1F685B36FD27B /* setup.py */ = {isa = PBXFileReference; explicitFileType = file; fileEncoding = 4; name = setup.py; path = src/GeoLoc/setup.py; sourceTree = SOURCE_ROOT; };
		C3485EFA9DC25E451DEF5933 /* Pluto.h */ = {isa = PBXFileReference; explicitFileType = sourcecode.c.h; fileEncoding = 4; name = Pluto.h; path = src/Astro/src/models/Pluto.h; sourceTree = SOURCE_ROOT; };
		C3AAA7D89CD77A73D41EF224 /* AstroOps.py */ = {isa = PBXFileReference; explicitFileType = file; fileEncoding = 4; name = AstroOps.py; path = src/Astro/test/AstroOps.py; sourceTree = SOURCE_ROOT; };
		CE695AF66B49048A2E3C2B6E /* ofxShader.cpp */ = {isa = PBXFileReference; explicitFileType = sourcecode.cpp.cpp; fileEncoding = 4; name = ofxShader.cpp; path = ../../../addons/ofxShader/src/ofxShader.cpp; sourceTree = SOURCE_ROOT; };
		D0671DE07BEDE26CED91FC03 /* ECI.cpp */ = {isa = PBXFileReference; explicitFileType = sourcecode.cpp.cpp; fileEncoding = 4; name = ECI.cpp; path = src/Astro/src/coordinates/ECI.cpp; sourceTree = SOURCE_ROOT; };
		D2C54771874ABF639102E571 /* TimeSpan.h */ = {isa = PBXFileReference; explicitFileType = sourcecode.c.h; fileEncoding = 4; name = TimeSpan.h; path = src/Astro/src/primitives/TimeSpan.h; sourceTree = SOURCE_ROOT; };
		D3D6DF9447FFE1A88F33D20F /* LICENSE */ = {isa = PBXFileReference; explicitFileType = file; fileEncoding = 4; name = LICENSE; path = src/Astro/LICENSE; sourceTree = SOURCE_ROOT; };
		DD7962EB13EEAE1F2746E8D0 /* TLE.h */ = {isa = PBXFileReference; explicitFileType = sourcecode.c.h; fileEncoding = 4; name = TLE.h; path = src/Astro/src/models/TLE.h; sourceTree = SOURCE_ROOT; };
		DE335593ECFABECB9B34357E /* Horizontal.h */ = {isa = PBXFileReference; explicitFileType = sourcecode.c.h; fileEncoding = 4; name = Horizontal.h; path = src/Astro/src/coordinates/Horizontal.h; sourceTree = SOURCE_ROOT; };
		DF15FD8E1612774F4D725274 /* CoordOps.h */ = {isa = PBXFileReference; explicitFileType = sourcecode.c.h; fileEncoding = 4; name = CoordOps.h; path = src/Astro/src/CoordOps.h; sourceTree = SOURCE_ROOT; };
		E2C1221088646BE2BB2DE5BF /* DateTime.cpp */ = {isa = PBXFileReference; explicitFileType = sourcecode.cpp.cpp; fileEncoding = 4; name = DateTime.cpp; path = src/Astro/src/primitives/DateTime.cpp; sourceTree = SOURCE_ROOT; };
		E4328143138ABC890047C5CB /* openFrameworksLib.xcodeproj */ = {isa = PBXFileReference; lastKnownFileType = "wrapper.pb-project"; name = openFrameworksLib.xcodeproj; path = ../../../libs/openFrameworksCompiled/project/osx/openFrameworksLib.xcodeproj; sourceTree = SOURCE_ROOT; };
		E4B69B5B0A3A1756003C02F2 /* SkyMapsDebug.app */ = {isa = PBXFileReference; explicitFileType = wrapper.application; includeInIndex = 0; path = SkyMapsDebug.app; sourceTree = BUILT_PRODUCTS_DIR; };
		E4B69E1D0A3A1BDC003C02F2 /* main.cpp */ = {isa = PBXFileReference; fileEncoding = 4; lastKnownFileType = sourcecode.cpp.cpp; name = main.cpp; path = src/main.cpp; sourceTree = SOURCE_ROOT; };
		E4B69E1E0A3A1BDC003C02F2 /* ofApp.cpp */ = {isa = PBXFileReference; explicitFileType = sourcecode.cpp.cpp; fileEncoding = 4; name = ofApp.cpp; path = src/ofApp.cpp; sourceTree = SOURCE_ROOT; };
		E4B69E1F0A3A1BDC003C02F2 /* ofApp.h */ = {isa = PBXFileReference; fileEncoding = 4; lastKnownFileType = sourcecode.c.h; name = ofApp.h; path = src/ofApp.h; sourceTree = SOURCE_ROOT; };
		E4B6FCAD0C3E899E008CF71C /* openFrameworks-Info.plist */ = {isa = PBXFileReference; fileEncoding = 4; lastKnownFileType = text.plist.xml; path = "openFrameworks-Info.plist"; sourceTree = "<group>"; };
		E4EB691F138AFCF100A09F29 /* CoreOF.xcconfig */ = {isa = PBXFileReference; fileEncoding = 4; lastKnownFileType = text.xcconfig; name = CoreOF.xcconfig; path = ../../../libs/openFrameworksCompiled/project/osx/CoreOF.xcconfig; sourceTree = SOURCE_ROOT; };
		E4EB6923138AFD0F00A09F29 /* Project.xcconfig */ = {isa = PBXFileReference; fileEncoding = 4; lastKnownFileType = text.xcconfig; path = Project.xcconfig; sourceTree = "<group>"; };
		E58ACD73B32E4B266A4FC6F9 /* Body.py */ = {isa = PBXFileReference; explicitFileType = file; fileEncoding = 4; name = Body.py; path = src/Astro/test/Body.py; sourceTree = SOURCE_ROOT; };
		ECD099210215539D09DBE67E /* CoordOps.cpp */ = {isa = PBXFileReference; explicitFileType = sourcecode.cpp.cpp; fileEncoding = 4; name = CoordOps.cpp; path = src/Astro/src/CoordOps.cpp; sourceTree = SOURCE_ROOT; };
		F24C3237DD7959AE7F846F16 /* DateTime.h */ = {isa = PBXFileReference; explicitFileType = sourcecode.c.h; fileEncoding = 4; name = DateTime.h; path = src/Astro/src/primitives/DateTime.h; sourceTree = SOURCE_ROOT; };
		F25E742ED99BC69B000A63E8 /* GeoLoc.cpp */ = {isa = PBXFileReference; explicitFileType = sourcecode.cpp.cpp; fileEncoding = 4; name = GeoLoc.cpp; path = src/GeoLoc/src/GeoLoc.cpp; sourceTree = SOURCE_ROOT; };
		FE0C7ECE471457843FADF737 /* Satellite.h */ = {isa = PBXFileReference; explicitFileType = sourcecode.c.h; fileEncoding = 4; name = Satellite.h; path = src/Astro/src/Satellite.h; sourceTree = SOURCE_ROOT; };
		FFB8A4CE135DB0C5B86BAFA8 /* Satellite.cpp */ = {isa = PBXFileReference; explicitFileType = sourcecode.cpp.cpp; fileEncoding = 4; name = Satellite.cpp; path = src/Astro/src/Satellite.cpp; sourceTree = SOURCE_ROOT; };
/* End PBXFileReference section */

/* Begin PBXFrameworksBuildPhase section */
		E4B69B590A3A1756003C02F2 /* Frameworks */ = {
			isa = PBXFrameworksBuildPhase;
			buildActionMask = 2147483647;
			files = (
				E4328149138ABC9F0047C5CB /* openFrameworksDebug.a in Frameworks */,
			);
			runOnlyForDeploymentPostprocessing = 0;
		};
/* End PBXFrameworksBuildPhase section */

/* Begin PBXGroup section */
		0C816EF99D1D95AA65BFB9FE /* coordinates */ = {
			isa = PBXGroup;
			children = (
				DE335593ECFABECB9B34357E /* Horizontal.h */,
				725C8AA493ADEB45AE4338B7 /* Geodetic.cpp */,
				403F57E6EB7CF052038E3DB4 /* Geodetic.h */,
				68D76DB011B7683FE693EEE9 /* Equatorial.h */,
				3F3F590B1880992F667AA2FC /* Ecliptic.h */,
				A9A90369FC65169FA2718AB7 /* Equatorial.cpp */,
				D0671DE07BEDE26CED91FC03 /* ECI.cpp */,
				4608116F99525962869F8CF9 /* Horizontal.cpp */,
				8A3F61280C103CF3D3BABE38 /* Ecliptic.cpp */,
				7921B4827085DDCAD08F768F /* ECI.h */,
			);
			name = coordinates;
			sourceTree = "<group>";
		};
		2AA1E0C0ACD1D1B9C3861251 /* src */ = {
			isa = PBXGroup;
			children = (
				CE695AF66B49048A2E3C2B6E /* ofxShader.cpp */,
				950996D953099970E69DEB87 /* ofxShader.h */,
			);
			name = src;
			sourceTree = "<group>";
		};
		2D60BAD9D44FD15B161C5A5B /* primitives */ = {
			isa = PBXGroup;
			children = (
				15C9411C5711D08E66AAC0E0 /* Polar.cpp */,
				F24C3237DD7959AE7F846F16 /* DateTime.h */,
				9E2C21C2C8FFBCA33B391709 /* Vector.cpp */,
				686FC6BEAB152491123F7820 /* TimeSpan.cpp */,
				E2C1221088646BE2BB2DE5BF /* DateTime.cpp */,
				515500B6018524F1853CA176 /* Vector.h */,
				D2C54771874ABF639102E571 /* TimeSpan.h */,
				3F339F8B1C83AA4A3AC2449C /* Polar.h */,
			);
			name = primitives;
			sourceTree = "<group>";
		};
		3C21E416DBFA99BF50616FA6 /* models */ = {
			isa = PBXGroup;
			children = (
				DD7962EB13EEAE1F2746E8D0 /* TLE.h */,
				9E2A3F7431EC6928A9B7C0B3 /* VSOP87.h */,
				2E5D90FEFE0D050BD71281D2 /* SGP4.h */,
				72C8FFA403C8E3F0D4DB09F1 /* Pluto.cpp */,
				57821FD947EF923145BC8959 /* SGP4.cpp */,
				0CF7D7B1278155455F27789F /* Orbit.h */,
				C3485EFA9DC25E451DEF5933 /* Pluto.h */,
				3AE86B5E51D0BC845EF1456F /* TLE.cpp */,
				59BEA43084926685F1663A87 /* VSOP87.cpp */,
				6E99B2A189EB3A4B99F0621B /* Exception.h */,
				146D2BA302483827FD8A6E3D /* Orbit.cpp */,
			);
			name = models;
			sourceTree = "<group>";
		};
		5692D35F95919D557ACFF62F /* Astro */ = {
			isa = PBXGroup;
			children = (
				D3D6DF9447FFE1A88F33D20F /* LICENSE */,
				C4131662DC5BB084A574F326 /* test */,
				7EE0699111C8C431F50C14A9 /* Makefile */,
				4880684AFFB55B5C703F0914 /* README.md */,
				40C37C65290B8AF84D6EB45E /* setup.py */,
				026A15A3C9A0A51C96CB2418 /* astro.i */,
				B63D88640E78F28CE0C94603 /* src */,
			);
			name = Astro;
			sourceTree = "<group>";
		};
		6948EE371B920CB800B5AC1A /* local_addons */ = {
			isa = PBXGroup;
			children = (
			);
			name = local_addons;
			sourceTree = "<group>";
		};
		79FB313ED0CF83C650804D17 /* src */ = {
			isa = PBXGroup;
			children = (
				F25E742ED99BC69B000A63E8 /* GeoLoc.cpp */,
				011155A9E525616B06E54538 /* GeoLoc.h */,
			);
			name = src;
			sourceTree = "<group>";
		};
		A9E7E4DAD1FE7AFDCA9D29DD /* ofxShader */ = {
			isa = PBXGroup;
			children = (
				2AA1E0C0ACD1D1B9C3861251 /* src */,
			);
			name = ofxShader;
			sourceTree = "<group>";
		};
		B63D88640E78F28CE0C94603 /* src */ = {
			isa = PBXGroup;
			children = (
				AC87A044EEF7EA6077E0883A /* Luna.h */,
				46B03D127CE4C9328E2C5C46 /* Star.cpp */,
				5B30FC2C6D87E1DC08AD5517 /* MathOps.h */,
				799B1A41F878C1FA7F5CA2BC /* Observer.h */,
				A55BCC2A9476BD762BDAAF16 /* Constellation.cpp */,
				ECD099210215539D09DBE67E /* CoordOps.cpp */,
				0C816EF99D1D95AA65BFB9FE /* coordinates */,
				AFE1004EC5CA3419F30D020A /* ProjOps.h */,
				DF15FD8E1612774F4D725274 /* CoordOps.h */,
				581F9A47CD04F77CF0B89B09 /* Body.h */,
				2434F0B731D7A80AE10B274B /* Luna.cpp */,
				297994E0C4ED2DAD9230F00E /* Constellation.h */,
				FE0C7ECE471457843FADF737 /* Satellite.h */,
				87DCA636BDFFA23E67DBEE96 /* Observer.cpp */,
				3C21E416DBFA99BF50616FA6 /* models */,
				0441A2EB63FA2C80763D11F0 /* TimeOps.cpp */,
				2D60BAD9D44FD15B161C5A5B /* primitives */,
				0D56E8BC7716BDE7BA55EBD5 /* Body.cpp */,
				2F8C0E4DF777EECD1D51330B /* TimeOps.h */,
				FFB8A4CE135DB0C5B86BAFA8 /* Satellite.cpp */,
				4BA5745CC5E6B36CC363C574 /* Star.h */,
				2F01ED057F4D4041E186D1A5 /* MathOps.cpp */,
				6DF0031B4508C2A79777301F /* ProjOps.cpp */,
			);
			name = src;
			sourceTree = "<group>";
		};
		BB4B014C10F69532006C3DED /* addons */ = {
			isa = PBXGroup;
			children = (
				A9E7E4DAD1FE7AFDCA9D29DD /* ofxShader */,
			);
			name = addons;
			sourceTree = "<group>";
		};
		C4131662DC5BB084A574F326 /* test */ = {
			isa = PBXGroup;
			children = (
				C3AAA7D89CD77A73D41EF224 /* AstroOps.py */,
				E58ACD73B32E4B266A4FC6F9 /* Body.py */,
				12DE234108FD309E4BCF1BBD /* TimeOps.py */,
				B642A25C96A27FF3F15B8043 /* MathOps.py */,
			);
			name = test;
			sourceTree = "<group>";
		};
		DFBD7602252E3C5475B1AC44 /* GeoLoc */ = {
			isa = PBXGroup;
			children = (
				8F9F110B4E975F66173B7DC5 /* AUTHORS */,
				16E35CA38BEDAFD3364A63E1 /* README.md */,
				A4D0B16BB25E642EDEA31228 /* COPYING */,
				BD8C9B9DB8B1F685B36FD27B /* setup.py */,
				216232E4EDA82FE4FA7509EC /* geoloc.py */,
				79FB313ED0CF83C650804D17 /* src */,
			);
			name = GeoLoc;
			sourceTree = "<group>";
		};
		E4328144138ABC890047C5CB /* Products */ = {
			isa = PBXGroup;
			children = (
				E4328148138ABC890047C5CB /* openFrameworksDebug.a */,
			);
			name = Products;
			sourceTree = "<group>";
		};
		E4B69B4A0A3A1720003C02F2 = {
			isa = PBXGroup;
			children = (
				E4B6FCAD0C3E899E008CF71C /* openFrameworks-Info.plist */,
				E4EB6923138AFD0F00A09F29 /* Project.xcconfig */,
				E4B69E1C0A3A1BDC003C02F2 /* src */,
				E4EEC9E9138DF44700A80321 /* openFrameworks */,
				BB4B014C10F69532006C3DED /* addons */,
				6948EE371B920CB800B5AC1A /* local_addons */,
				E4B69B5B0A3A1756003C02F2 /* SkyMapsDebug.app */,
			);
			sourceTree = "<group>";
		};
		E4B69E1C0A3A1BDC003C02F2 /* src */ = {
			isa = PBXGroup;
			children = (
				E4B69E1D0A3A1BDC003C02F2 /* main.cpp */,
				E4B69E1E0A3A1BDC003C02F2 /* ofApp.cpp */,
				E4B69E1F0A3A1BDC003C02F2 /* ofApp.h */,
				DFBD7602252E3C5475B1AC44 /* GeoLoc */,
				5692D35F95919D557ACFF62F /* Astro */,
			);
			path = src;
			sourceTree = SOURCE_ROOT;
		};
		E4EEC9E9138DF44700A80321 /* openFrameworks */ = {
			isa = PBXGroup;
			children = (
				E4EB691F138AFCF100A09F29 /* CoreOF.xcconfig */,
				E4328143138ABC890047C5CB /* openFrameworksLib.xcodeproj */,
			);
			name = openFrameworks;
			sourceTree = "<group>";
		};
/* End PBXGroup section */

/* Begin PBXNativeTarget section */
		E4B69B5A0A3A1756003C02F2 /* SkyMaps */ = {
			isa = PBXNativeTarget;
			buildConfigurationList = E4B69B5F0A3A1757003C02F2 /* Build configuration list for PBXNativeTarget "SkyMaps" */;
			buildPhases = (
				E4B69B580A3A1756003C02F2 /* Sources */,
				E4B69B590A3A1756003C02F2 /* Frameworks */,
				E4B6FFFD0C3F9AB9008CF71C /* ShellScript */,
				E4C2427710CC5ABF004149E2 /* CopyFiles */,
				8466F1851C04CA0E00918B1C /* ShellScript */,
			);
			buildRules = (
			);
			dependencies = (
				E4EEB9AC138B136A00A80321 /* PBXTargetDependency */,
			);
			name = SkyMaps;
			productName = myOFApp;
			productReference = E4B69B5B0A3A1756003C02F2 /* SkyMapsDebug.app */;
			productType = "com.apple.product-type.application";
		};
/* End PBXNativeTarget section */

/* Begin PBXProject section */
		E4B69B4C0A3A1720003C02F2 /* Project object */ = {
			isa = PBXProject;
			attributes = {
				LastUpgradeCheck = 0600;
			};
			buildConfigurationList = E4B69B4D0A3A1720003C02F2 /* Build configuration list for PBXProject "SkyMaps" */;
			compatibilityVersion = "Xcode 3.2";
			developmentRegion = English;
			hasScannedForEncodings = 0;
			knownRegions = (
				English,
				Japanese,
				French,
				German,
			);
			mainGroup = E4B69B4A0A3A1720003C02F2;
			productRefGroup = E4B69B4A0A3A1720003C02F2;
			projectDirPath = "";
			projectReferences = (
				{
					ProductGroup = E4328144138ABC890047C5CB /* Products */;
					ProjectRef = E4328143138ABC890047C5CB /* openFrameworksLib.xcodeproj */;
				},
			);
			projectRoot = "";
			targets = (
				E4B69B5A0A3A1756003C02F2 /* SkyMaps */,
			);
		};
/* End PBXProject section */

/* Begin PBXReferenceProxy section */
		E4328148138ABC890047C5CB /* openFrameworksDebug.a */ = {
			isa = PBXReferenceProxy;
			fileType = archive.ar;
			path = openFrameworksDebug.a;
			remoteRef = E4328147138ABC890047C5CB /* PBXContainerItemProxy */;
			sourceTree = BUILT_PRODUCTS_DIR;
		};
/* End PBXReferenceProxy section */

/* Begin PBXShellScriptBuildPhase section */
		8466F1851C04CA0E00918B1C /* ShellScript */ = {
			isa = PBXShellScriptBuildPhase;
			buildActionMask = 12;
			files = (
			);
			inputPaths = (
			);
			outputPaths = (
			);
			runOnlyForDeploymentPostprocessing = 0;
			shellPath = /bin/sh;
			shellScript = "echo \"$GCC_PREPROCESSOR_DEFINITIONS\";\nAPPSTORE=`expr \"$GCC_PREPROCESSOR_DEFINITIONS\" : \".*APPSTORE=\\([0-9]*\\)\"`\nif [ -z \"$APPSTORE\" ] ; then\necho \"Note: Not copying bin/data to App Package or doing App Code signing. Use AppStore target for AppStore distribution\";\nelse\n# Copy bin/data into App/Resources\nrsync -avz --exclude='.DS_Store' \"${SRCROOT}/bin/data/\" \"${TARGET_BUILD_DIR}/${UNLOCALIZED_RESOURCES_FOLDER_PATH}/data/\"\n\n# ---- Code Sign App Package ----\n\n# WARNING: You may have to run Clean in Xcode after changing CODE_SIGN_IDENTITY!\n\n# Verify that $CODE_SIGN_IDENTITY is set\nif [ -z \"${CODE_SIGN_IDENTITY}\" ] ; then\necho \"CODE_SIGN_IDENTITY needs to be set for framework code-signing\"\nexit 0\nfi\n\nif [ -z \"${CODE_SIGN_ENTITLEMENTS}\" ] ; then\necho \"CODE_SIGN_ENTITLEMENTS needs to be set for framework code-signing!\"\n\nif [ \"${CONFIGURATION}\" = \"Release\" ] ; then\nexit 1\nelse\n# Code-signing is optional for non-release builds.\nexit 0\nfi\nfi\n\nITEMS=\"\"\n\nFRAMEWORKS_DIR=\"${TARGET_BUILD_DIR}/${FRAMEWORKS_FOLDER_PATH}\"\necho \"$FRAMEWORKS_DIR\"\nif [ -d \"$FRAMEWORKS_DIR\" ] ; then\nFRAMEWORKS=$(find \"${FRAMEWORKS_DIR}\" -depth -type d -name \"*.framework\" -or -name \"*.dylib\" -or -name \"*.bundle\" | sed -e \"s/\\(.*framework\\)/\\1\\/Versions\\/A\\//\")\nRESULT=$?\nif [[ $RESULT != 0 ]] ; then\nexit 1\nfi\n\nITEMS=\"${FRAMEWORKS}\"\nfi\n\nLOGINITEMS_DIR=\"${TARGET_BUILD_DIR}/${CONTENTS_FOLDER_PATH}/Library/LoginItems/\"\nif [ -d \"$LOGINITEMS_DIR\" ] ; then\nLOGINITEMS=$(find \"${LOGINITEMS_DIR}\" -depth -type d -name \"*.app\")\nRESULT=$?\nif [[ $RESULT != 0 ]] ; then\nexit 1\nfi\n\nITEMS=\"${ITEMS}\"$'\\n'\"${LOGINITEMS}\"\nfi\n\n# Prefer the expanded name, if available.\nCODE_SIGN_IDENTITY_FOR_ITEMS=\"${EXPANDED_CODE_SIGN_IDENTITY_NAME}\"\nif [ \"${CODE_SIGN_IDENTITY_FOR_ITEMS}\" = \"\" ] ; then\n# Fall back to old behavior.\nCODE_SIGN_IDENTITY_FOR_ITEMS=\"${CODE_SIGN_IDENTITY}\"\nfi\n\necho \"Identity:\"\necho \"${CODE_SIGN_IDENTITY_FOR_ITEMS}\"\n\necho \"Entitlements:\"\necho \"${CODE_SIGN_ENTITLEMENTS}\"\n\necho \"Found:\"\necho \"${ITEMS}\"\n\n# Change the Internal Field Separator (IFS) so that spaces in paths will not cause problems below.\nSAVED_IFS=$IFS\nIFS=$(echo -en \"\\n\\b\")\n\n# Loop through all items.\nfor ITEM in $ITEMS;\ndo\necho \"Signing '${ITEM}'\"\ncodesign --force --verbose --sign \"${CODE_SIGN_IDENTITY_FOR_ITEMS}\" --entitlements \"${CODE_SIGN_ENTITLEMENTS}\" \"${ITEM}\"\nRESULT=$?\nif [[ $RESULT != 0 ]] ; then\necho \"Failed to sign '${ITEM}'.\"\nIFS=$SAVED_IFS\nexit 1\nfi\ndone\n\n# Restore $IFS.\nIFS=$SAVED_IFS\n\nfi\n";
		};
		E4B6FFFD0C3F9AB9008CF71C /* ShellScript */ = {
			isa = PBXShellScriptBuildPhase;
			buildActionMask = 2147483647;
			files = (
			);
			inputPaths = (
			);
			outputPaths = (
			);
			runOnlyForDeploymentPostprocessing = 0;
			shellPath = /bin/sh;
			shellScript = "mkdir -p \"$TARGET_BUILD_DIR/$PRODUCT_NAME.app/Contents/Resources/\"\n# Copy default icon file into App/Resources\nrsync -aved \"$ICON_FILE\" \"$TARGET_BUILD_DIR/$PRODUCT_NAME.app/Contents/Resources/\"\n# Copy libfmod and change install directory for fmod to run\nrsync -aved \"$OF_PATH/libs/fmodex/lib/osx/libfmodex.dylib\" \"$TARGET_BUILD_DIR/$PRODUCT_NAME.app/Contents/Frameworks/\";\ninstall_name_tool -change @executable_path/libfmodex.dylib @executable_path/../Frameworks/libfmodex.dylib \"$TARGET_BUILD_DIR/$PRODUCT_NAME.app/Contents/MacOS/$PRODUCT_NAME\";\n\necho \"$GCC_PREPROCESSOR_DEFINITIONS\";\n";
		};
/* End PBXShellScriptBuildPhase section */

/* Begin PBXSourcesBuildPhase section */
		E4B69B580A3A1756003C02F2 /* Sources */ = {
			isa = PBXSourcesBuildPhase;
			buildActionMask = 2147483647;
			files = (
				E4B69E200A3A1BDC003C02F2 /* main.cpp in Sources */,
				E4B69E210A3A1BDC003C02F2 /* ofApp.cpp in Sources */,
				3B4D34D99EEF58B983F85CC7 /* AUTHORS in Sources */,
				30C06BF1BF0A05F59703E260 /* README.md in Sources */,
				4EF7017E6534A2A758F34F5A /* COPYING in Sources */,
				1D26638B9FB50F2EC2B25CA8 /* setup.py in Sources */,
				61B589D2A74D47BFAEBBB617 /* geoloc.py in Sources */,
				D6436D62D6F5044D4896AE40 /* GeoLoc.cpp in Sources */,
				CEAA76D2FC719F2B386F3005 /* LICENSE in Sources */,
				6DA5BA3D11F3E79D355D26CB /* AstroOps.py in Sources */,
				A85E2DBDC6B0A0642004F46A /* Body.py in Sources */,
				62A639BEABAD3E2D2F6C3357 /* TimeOps.py in Sources */,
				F680B2D175522C37EA0019FA /* MathOps.py in Sources */,
				652907AEE0AC9CC3DA01E058 /* Makefile in Sources */,
				88F354A2336A9E290076DBDD /* README.md in Sources */,
				8B8B76087F8520BBFBEAAEED /* setup.py in Sources */,
				A1480CCFEE939D58E9D39241 /* astro.i in Sources */,
				1E61EC85711A33166A12E23A /* Star.cpp in Sources */,
				0FA1B110D4A2481DFA206BDF /* Constellation.cpp in Sources */,
				1946140B84A179C604B4B4B8 /* CoordOps.cpp in Sources */,
				C1FEB22FEF1BF4467344ED43 /* Geodetic.cpp in Sources */,
				6AA509FE973E33EA8D64D518 /* Equatorial.cpp in Sources */,
				298A572C46393D6B2EB2882F /* ECI.cpp in Sources */,
				9A9E0FAA7422875C98909FFC /* Horizontal.cpp in Sources */,
				2EED06D3928D8B27A513EF81 /* Ecliptic.cpp in Sources */,
				DFE6F9E0B7D6E31522D22237 /* Luna.cpp in Sources */,
				02E3E9CC05EA26ED237474A1 /* Observer.cpp in Sources */,
				FF19AFF1069F726736CBB934 /* Pluto.cpp in Sources */,
				938D6F204E7409789F04F32F /* SGP4.cpp in Sources */,
				DD57CF44E87D22F86C477640 /* TLE.cpp in Sources */,
				C84B87A3C5D57655FA625269 /* VSOP87.cpp in Sources */,
				E642DBDE3A34CACAF6C785E5 /* Orbit.cpp in Sources */,
				9D2314DD60244D97B1310F90 /* TimeOps.cpp in Sources */,
				45406F7BA9CA4539B1572C58 /* Polar.cpp in Sources */,
				BA51F7AF842E4F4622F2F626 /* Vector.cpp in Sources */,
				D796B1B3375261C6D42EF6E2 /* TimeSpan.cpp in Sources */,
				D93F84492B75AE2A84EF2B3D /* DateTime.cpp in Sources */,
				DA7D67F890516D18EB3D2F2B /* Body.cpp in Sources */,
				F47AC4BFC03AF148D2521C5F /* Satellite.cpp in Sources */,
				46514B5892D491DA71A83740 /* MathOps.cpp in Sources */,
				8026FC0A18596D4D81A7E3F7 /* ProjOps.cpp in Sources */,
				851DDDA6C8AD222AD0B3EBA4 /* ofxShader.cpp in Sources */,
			);
			runOnlyForDeploymentPostprocessing = 0;
		};
/* End PBXSourcesBuildPhase section */

/* Begin PBXTargetDependency section */
		E4EEB9AC138B136A00A80321 /* PBXTargetDependency */ = {
			isa = PBXTargetDependency;
			name = openFrameworks;
			targetProxy = E4EEB9AB138B136A00A80321 /* PBXContainerItemProxy */;
		};
/* End PBXTargetDependency section */

/* Begin XCBuildConfiguration section */
		99FA3DBB1C7456C400CFA0EE /* AppStore */ = {
			isa = XCBuildConfiguration;
			baseConfigurationReference = E4EB6923138AFD0F00A09F29 /* Project.xcconfig */;
			buildSettings = {
				CONFIGURATION_BUILD_DIR = "$(SRCROOT)/bin/";
				COPY_PHASE_STRIP = YES;
				DEAD_CODE_STRIPPING = YES;
				GCC_AUTO_VECTORIZATION = YES;
				GCC_ENABLE_SSE3_EXTENSIONS = YES;
				GCC_ENABLE_SUPPLEMENTAL_SSE3_INSTRUCTIONS = YES;
				GCC_INLINES_ARE_PRIVATE_EXTERN = NO;
				GCC_OPTIMIZATION_LEVEL = 3;
				"GCC_PREPROCESSOR_DEFINITIONS[arch=*]" = "DISTRIBUTION=1";
				GCC_SYMBOLS_PRIVATE_EXTERN = NO;
				GCC_UNROLL_LOOPS = YES;
				GCC_WARN_ABOUT_DEPRECATED_FUNCTIONS = YES;
				GCC_WARN_ABOUT_INVALID_OFFSETOF_MACRO = NO;
				GCC_WARN_ALLOW_INCOMPLETE_PROTOCOL = NO;
				GCC_WARN_UNINITIALIZED_AUTOS = NO;
				GCC_WARN_UNUSED_VALUE = NO;
				GCC_WARN_UNUSED_VARIABLE = NO;
				HEADER_SEARCH_PATHS = (
					"$(OF_CORE_HEADERS)",
					src,
					src/Astro,
					src/Astro/src,
					src/Astro/src/coordinates,
					src/Astro/src/models,
					src/Astro/src/primitives,
					src/Astro/test,
					src/GeoLoc,
					src/GeoLoc/src,
					../../../addons/ofxShader/src,
				);
				MACOSX_DEPLOYMENT_TARGET = 10.9;
				OTHER_CPLUSPLUSFLAGS = (
					"-D__MACOSX_CORE__",
					"-mtune=native",
				);
				SDKROOT = macosx;
			};
			name = AppStore;
		};
		99FA3DBC1C7456C400CFA0EE /* AppStore */ = {
			isa = XCBuildConfiguration;
			baseConfigurationReference = E4EB6923138AFD0F00A09F29 /* Project.xcconfig */;
			buildSettings = {
				COMBINE_HIDPI_IMAGES = YES;
				COPY_PHASE_STRIP = YES;
				FRAMEWORK_SEARCH_PATHS = "$(inherited)";
				GCC_GENERATE_DEBUGGING_SYMBOLS = YES;
				GCC_MODEL_TUNING = NONE;
				"GCC_PREPROCESSOR_DEFINITIONS[arch=*]" = "APPSTORE=1";
				HEADER_SEARCH_PATHS = (
					"$(OF_CORE_HEADERS)",
					src,
					src/Astro,
					src/Astro/src,
					src/Astro/src/coordinates,
					src/Astro/src/models,
					src/Astro/src/primitives,
					src/Astro/test,
					src/GeoLoc,
					src/GeoLoc/src,
					../../../addons/ofxShader/src,
				);
				ICON = "$(ICON_NAME_RELEASE)";
				ICON_FILE = "$(ICON_FILE_PATH)$(ICON)";
				INFOPLIST_FILE = "openFrameworks-Info.plist";
				INSTALL_PATH = /Applications;
				LIBRARY_SEARCH_PATHS = "$(inherited)";
				OTHER_LDFLAGS = (
					"$(OF_CORE_LIBS)",
					"$(OF_CORE_FRAMEWORKS)",
					"-lcurl",
				);
				PRODUCT_NAME = "$(TARGET_NAME)";
				WRAPPER_EXTENSION = app;
				baseConfigurationReference = E4EB6923138AFD0F00A09F29;
			};
			name = AppStore;
		};
		E4B69B4E0A3A1720003C02F2 /* Debug */ = {
			isa = XCBuildConfiguration;
			baseConfigurationReference = E4EB6923138AFD0F00A09F29 /* Project.xcconfig */;
			buildSettings = {
				CONFIGURATION_BUILD_DIR = "$(SRCROOT)/bin/";
				COPY_PHASE_STRIP = NO;
				DEAD_CODE_STRIPPING = YES;
				GCC_AUTO_VECTORIZATION = YES;
				GCC_ENABLE_SSE3_EXTENSIONS = YES;
				GCC_ENABLE_SUPPLEMENTAL_SSE3_INSTRUCTIONS = YES;
				GCC_INLINES_ARE_PRIVATE_EXTERN = NO;
				GCC_OPTIMIZATION_LEVEL = 0;
				GCC_SYMBOLS_PRIVATE_EXTERN = NO;
				GCC_WARN_ABOUT_DEPRECATED_FUNCTIONS = YES;
				GCC_WARN_ABOUT_INVALID_OFFSETOF_MACRO = NO;
				GCC_WARN_ALLOW_INCOMPLETE_PROTOCOL = NO;
				GCC_WARN_UNINITIALIZED_AUTOS = NO;
				GCC_WARN_UNUSED_VALUE = NO;
				GCC_WARN_UNUSED_VARIABLE = NO;
				HEADER_SEARCH_PATHS = (
					"$(OF_CORE_HEADERS)",
					src,
					src/Astro,
					src/Astro/src,
					src/Astro/src/coordinates,
					src/Astro/src/models,
					src/Astro/src/primitives,
					src/Astro/test,
					src/GeoLoc,
					src/GeoLoc/src,
					../../../addons/ofxShader/src,
				);
				MACOSX_DEPLOYMENT_TARGET = 10.9;
				ONLY_ACTIVE_ARCH = YES;
				OTHER_CPLUSPLUSFLAGS = (
					"-D__MACOSX_CORE__",
					"-mtune=native",
				);
				SDKROOT = macosx;
			};
			name = Debug;
		};
		E4B69B4F0A3A1720003C02F2 /* Release */ = {
			isa = XCBuildConfiguration;
			baseConfigurationReference = E4EB6923138AFD0F00A09F29 /* Project.xcconfig */;
			buildSettings = {
				CONFIGURATION_BUILD_DIR = "$(SRCROOT)/bin/";
				COPY_PHASE_STRIP = YES;
				DEAD_CODE_STRIPPING = YES;
				GCC_AUTO_VECTORIZATION = YES;
				GCC_ENABLE_SSE3_EXTENSIONS = YES;
				GCC_ENABLE_SUPPLEMENTAL_SSE3_INSTRUCTIONS = YES;
				GCC_INLINES_ARE_PRIVATE_EXTERN = NO;
				GCC_OPTIMIZATION_LEVEL = 3;
				GCC_SYMBOLS_PRIVATE_EXTERN = NO;
				GCC_UNROLL_LOOPS = YES;
				GCC_WARN_ABOUT_DEPRECATED_FUNCTIONS = YES;
				GCC_WARN_ABOUT_INVALID_OFFSETOF_MACRO = NO;
				GCC_WARN_ALLOW_INCOMPLETE_PROTOCOL = NO;
				GCC_WARN_UNINITIALIZED_AUTOS = NO;
				GCC_WARN_UNUSED_VALUE = NO;
				GCC_WARN_UNUSED_VARIABLE = NO;
				HEADER_SEARCH_PATHS = (
					"$(OF_CORE_HEADERS)",
					src,
					src/Astro,
					src/Astro/src,
					src/Astro/src/coordinates,
					src/Astro/src/models,
					src/Astro/src/primitives,
					src/Astro/test,
					src/GeoLoc,
					src/GeoLoc/src,
					../../../addons/ofxShader/src,
				);
				MACOSX_DEPLOYMENT_TARGET = 10.9;
				OTHER_CPLUSPLUSFLAGS = (
					"-D__MACOSX_CORE__",
					"-mtune=native",
				);
				SDKROOT = macosx;
			};
			name = Release;
		};
		E4B69B600A3A1757003C02F2 /* Debug */ = {
			isa = XCBuildConfiguration;
			baseConfigurationReference = E4EB6923138AFD0F00A09F29 /* Project.xcconfig */;
			buildSettings = {
				COMBINE_HIDPI_IMAGES = YES;
				COPY_PHASE_STRIP = NO;
				FRAMEWORK_SEARCH_PATHS = "$(inherited)";
				GCC_DYNAMIC_NO_PIC = NO;
				GCC_GENERATE_DEBUGGING_SYMBOLS = YES;
				GCC_MODEL_TUNING = NONE;
				HEADER_SEARCH_PATHS = (
					"$(OF_CORE_HEADERS)",
					src,
					src/Astro,
					src/Astro/src,
					src/Astro/src/coordinates,
					src/Astro/src/models,
					src/Astro/src/primitives,
					src/Astro/test,
					src/GeoLoc,
					src/GeoLoc/src,
					../../../addons/ofxShader/src,
				);
				ICON = "$(ICON_NAME_DEBUG)";
				ICON_FILE = "$(ICON_FILE_PATH)$(ICON)";
				INFOPLIST_FILE = "openFrameworks-Info.plist";
				INSTALL_PATH = /Applications;
				LIBRARY_SEARCH_PATHS = "$(inherited)";
				OTHER_LDFLAGS = (
					"$(OF_CORE_LIBS)",
					"$(OF_CORE_FRAMEWORKS)",
					"-lcurl",
				);
				PRODUCT_NAME = "$(TARGET_NAME)Debug";
				WRAPPER_EXTENSION = app;
			};
			name = Debug;
		};
		E4B69B610A3A1757003C02F2 /* Release */ = {
			isa = XCBuildConfiguration;
			baseConfigurationReference = E4EB6923138AFD0F00A09F29 /* Project.xcconfig */;
			buildSettings = {
				COMBINE_HIDPI_IMAGES = YES;
				COPY_PHASE_STRIP = YES;
				FRAMEWORK_SEARCH_PATHS = "$(inherited)";
				GCC_GENERATE_DEBUGGING_SYMBOLS = YES;
				GCC_MODEL_TUNING = NONE;
				HEADER_SEARCH_PATHS = (
					"$(OF_CORE_HEADERS)",
					src,
					src/Astro,
					src/Astro/src,
					src/Astro/src/coordinates,
					src/Astro/src/models,
					src/Astro/src/primitives,
					src/Astro/test,
					src/GeoLoc,
					src/GeoLoc/src,
					../../../addons/ofxShader/src,
				);
				ICON = "$(ICON_NAME_RELEASE)";
				ICON_FILE = "$(ICON_FILE_PATH)$(ICON)";
				INFOPLIST_FILE = "openFrameworks-Info.plist";
				INSTALL_PATH = /Applications;
				LIBRARY_SEARCH_PATHS = "$(inherited)";
				OTHER_LDFLAGS = (
					"$(OF_CORE_LIBS)",
					"$(OF_CORE_FRAMEWORKS)",
					"-lcurl",
				);
				PRODUCT_NAME = "$(TARGET_NAME)";
				WRAPPER_EXTENSION = app;
				baseConfigurationReference = E4EB6923138AFD0F00A09F29;
			};
			name = Release;
		};
/* End XCBuildConfiguration section */

/* Begin XCConfigurationList section */
		E4B69B4D0A3A1720003C02F2 /* Build configuration list for PBXProject "SkyMaps" */ = {
			isa = XCConfigurationList;
			buildConfigurations = (
				E4B69B4E0A3A1720003C02F2 /* Debug */,
				E4B69B4F0A3A1720003C02F2 /* Release */,
				99FA3DBB1C7456C400CFA0EE /* AppStore */,
			);
			defaultConfigurationIsVisible = 0;
			defaultConfigurationName = Release;
		};
		E4B69B5F0A3A1757003C02F2 /* Build configuration list for PBXNativeTarget "SkyMaps" */ = {
			isa = XCConfigurationList;
			buildConfigurations = (
				E4B69B600A3A1757003C02F2 /* Debug */,
				E4B69B610A3A1757003C02F2 /* Release */,
				99FA3DBC1C7456C400CFA0EE /* AppStore */,
			);
			defaultConfigurationIsVisible = 0;
			defaultConfigurationName = Release;
		};
/* End XCConfigurationList section */
	};
	rootObject = E4B69B4C0A3A1720003C02F2 /* Project object */;
}
